// !$*UTF8*$!
{
	archiveVersion = 1;
	classes = {
	};
	objectVersion = 46;
	objects = {

/* Begin PBXBuildFile section */
		12DBEAA81E1D3B0E0088A486 /* main.mm in Sources */ = {isa = PBXBuildFile; fileRef = 12DBEAA71E1D3B0E0088A486 /* main.mm */; };
		12DBEAAB1E1D3B160088A486 /* Dgmpp.framework in Frameworks */ = {isa = PBXBuildFile; fileRef = 12DBEAAA1E1D3B160088A486 /* Dgmpp.framework */; };
/* End PBXBuildFile section */

/* Begin PBXCopyFilesBuildPhase section */
		12DBEA951E1D3AEA0088A486 /* CopyFiles */ = {
			isa = PBXCopyFilesBuildPhase;
			buildActionMask = 2147483647;
			dstPath = /usr/share/man/man1/;
			dstSubfolderSpec = 0;
			files = (
			);
			runOnlyForDeploymentPostprocessing = 1;
		};
/* End PBXCopyFilesBuildPhase section */

/* Begin PBXFileReference section */
		12DBEA971E1D3AEA0088A486 /* dgmppDemo */ = {isa = PBXFileReference; explicitFileType = "compiled.mach-o.executable"; includeInIndex = 0; path = dgmppDemo; sourceTree = BUILT_PRODUCTS_DIR; };
		12DBEAA71E1D3B0E0088A486 /* main.mm */ = {isa = PBXFileReference; fileEncoding = 4; lastKnownFileType = sourcecode.cpp.objcpp; path = main.mm; sourceTree = "<group>"; };
		12DBEAAA1E1D3B160088A486 /* Dgmpp.framework */ = {isa = PBXFileReference; lastKnownFileType = wrapper.framework; name = Dgmpp.framework; path = "build/Debug-iphoneos/Dgmpp.framework"; sourceTree = "<group>"; };
/* End PBXFileReference section */

/* Begin PBXFrameworksBuildPhase section */
		12DBEA941E1D3AEA0088A486 /* Frameworks */ = {
			isa = PBXFrameworksBuildPhase;
			buildActionMask = 2147483647;
			files = (
				12DBEAAB1E1D3B160088A486 /* Dgmpp.framework in Frameworks */,
			);
			runOnlyForDeploymentPostprocessing = 0;
		};
/* End PBXFrameworksBuildPhase section */

/* Begin PBXGroup section */
		12DBEA8E1E1D3AEA0088A486 = {
			isa = PBXGroup;
			children = (
				12DBEA991E1D3AEA0088A486 /* dgmppDemo */,
				12DBEA981E1D3AEA0088A486 /* Products */,
				12DBEAA91E1D3B160088A486 /* Frameworks */,
			);
			sourceTree = "<group>";
		};
		12DBEA981E1D3AEA0088A486 /* Products */ = {
			isa = PBXGroup;
			children = (
				12DBEA971E1D3AEA0088A486 /* dgmppDemo */,
			);
			name = Products;
			sourceTree = "<group>";
		};
		12DBEA991E1D3AEA0088A486 /* dgmppDemo */ = {
			isa = PBXGroup;
			children = (
				12DBEAA71E1D3B0E0088A486 /* main.mm */,
			);
			path = dgmppDemo;
			sourceTree = "<group>";
		};
		12DBEAA91E1D3B160088A486 /* Frameworks */ = {
			isa = PBXGroup;
			children = (
				12DBEAAA1E1D3B160088A486 /* Dgmpp.framework */,
			);
			name = Frameworks;
			sourceTree = "<group>";
		};
/* End PBXGroup section */

/* Begin PBXNativeTarget section */
		12DBEA961E1D3AEA0088A486 /* dgmppDemo */ = {
			isa = PBXNativeTarget;
			buildConfigurationList = 12DBEA9E1E1D3AEA0088A486 /* Build configuration list for PBXNativeTarget "dgmppDemo" */;
			buildPhases = (
				12DBEA931E1D3AEA0088A486 /* Sources */,
				12DBEA941E1D3AEA0088A486 /* Frameworks */,
				12DBEA951E1D3AEA0088A486 /* CopyFiles */,
			);
			buildRules = (
			);
			dependencies = (
			);
			name = dgmppDemo;
			productName = dgmppDemo;
			productReference = 12DBEA971E1D3AEA0088A486 /* dgmppDemo */;
			productType = "com.apple.product-type.tool";
		};
/* End PBXNativeTarget section */

/* Begin PBXProject section */
		12DBEA8F1E1D3AEA0088A486 /* Project object */ = {
			isa = PBXProject;
			attributes = {
				LastUpgradeCheck = 0820;
				ORGANIZATIONNAME = "Artem Shimanski";
				TargetAttributes = {
					12DBEA961E1D3AEA0088A486 = {
						CreatedOnToolsVersion = 8.2.1;
						DevelopmentTeam = YB4RLQ4M9A;
						ProvisioningStyle = Automatic;
					};
				};
			};
			buildConfigurationList = 12DBEA921E1D3AEA0088A486 /* Build configuration list for PBXProject "dgmppDemo" */;
			compatibilityVersion = "Xcode 3.2";
			developmentRegion = English;
			hasScannedForEncodings = 0;
			knownRegions = (
				en,
			);
			mainGroup = 12DBEA8E1E1D3AEA0088A486;
			productRefGroup = 12DBEA981E1D3AEA0088A486 /* Products */;
			projectDirPath = "";
			projectRoot = "";
			targets = (
				12DBEA961E1D3AEA0088A486 /* dgmppDemo */,
			);
		};
/* End PBXProject section */

/* Begin PBXSourcesBuildPhase section */
		12DBEA931E1D3AEA0088A486 /* Sources */ = {
			isa = PBXSourcesBuildPhase;
			buildActionMask = 2147483647;
			files = (
				12DBEAA81E1D3B0E0088A486 /* main.mm in Sources */,
			);
			runOnlyForDeploymentPostprocessing = 0;
		};
/* End PBXSourcesBuildPhase section */

/* Begin XCBuildConfiguration section */
		12DBEA9C1E1D3AEA0088A486 /* Debug */ = {
			isa = XCBuildConfiguration;
			buildSettings = {
				ALWAYS_SEARCH_USER_PATHS = NO;
				CLANG_ANALYZER_NONNULL = YES;
				CLANG_CXX_LANGUAGE_STANDARD = "gnu++0x";
				CLANG_CXX_LIBRARY = "libc++";
				CLANG_ENABLE_MODULES = YES;
				CLANG_ENABLE_OBJC_ARC = YES;
				CLANG_WARN_BOOL_CONVERSION = YES;
				CLANG_WARN_CONSTANT_CONVERSION = YES;
				CLANG_WARN_DIRECT_OBJC_ISA_USAGE = YES_ERROR;
				CLANG_WARN_DOCUMENTATION_COMMENTS = YES;
				CLANG_WARN_EMPTY_BODY = YES;
				CLANG_WARN_ENUM_CONVERSION = YES;
				CLANG_WARN_INFINITE_RECURSION = YES;
				CLANG_WARN_INT_CONVERSION = YES;
				CLANG_WARN_OBJC_ROOT_CLASS = YES_ERROR;
				CLANG_WARN_SUSPICIOUS_MOVE = YES;
				CLANG_WARN_UNREACHABLE_CODE = YES;
				CLANG_WARN__DUPLICATE_METHOD_MATCH = YES;
				CODE_SIGN_IDENTITY = "-";
				COPY_PHASE_STRIP = NO;
				DEBUG_INFORMATION_FORMAT = dwarf;
				ENABLE_STRICT_OBJC_MSGSEND = YES;
				ENABLE_TESTABILITY = YES;
				GCC_C_LANGUAGE_STANDARD = gnu99;
				GCC_DYNAMIC_NO_PIC = NO;
				GCC_NO_COMMON_BLOCKS = YES;
				GCC_OPTIMIZATION_LEVEL = 0;
				GCC_PREPROCESSOR_DEFINITIONS = (
					"DEBUG=1",
					"$(inherited)",
				);
				GCC_WARN_64_TO_32_BIT_CONVERSION = YES;
				GCC_WARN_ABOUT_RETURN_TYPE = YES_ERROR;
				GCC_WARN_UNDECLARED_SELECTOR = YES;
				GCC_WARN_UNINITIALIZED_AUTOS = YES_AGGRESSIVE;
				GCC_WARN_UNUSED_FUNCTION = YES;
				GCC_WARN_UNUSED_VARIABLE = YES;
				MACOSX_DEPLOYMENT_TARGET = 10.12;
				MTL_ENABLE_DEBUG_INFO = YES;
				ONLY_ACTIVE_ARCH = YES;
				SDKROOT = macosx;
			};
			name = Debug;
		};
		12DBEA9D1E1D3AEA0088A486 /* Release */ = {
			isa = XCBuildConfiguration;
			buildSettings = {
				ALWAYS_SEARCH_USER_PATHS = NO;
				CLANG_ANALYZER_NONNULL = YES;
				CLANG_CXX_LANGUAGE_STANDARD = "gnu++0x";
				CLANG_CXX_LIBRARY = "libc++";
				CLANG_ENABLE_MODULES = YES;
				CLANG_ENABLE_OBJC_ARC = YES;
				CLANG_WARN_BOOL_CONVERSION = YES;
				CLANG_WARN_CONSTANT_CONVERSION = YES;
				CLANG_WARN_DIRECT_OBJC_ISA_USAGE = YES_ERROR;
				CLANG_WARN_DOCUMENTATION_COMMENTS = YES;
				CLANG_WARN_EMPTY_BODY = YES;
				CLANG_WARN_ENUM_CONVERSION = YES;
				CLANG_WARN_INFINITE_RECURSION = YES;
				CLANG_WARN_INT_CONVERSION = YES;
				CLANG_WARN_OBJC_ROOT_CLASS = YES_ERROR;
				CLANG_WARN_SUSPICIOUS_MOVE = YES;
				CLANG_WARN_UNREACHABLE_CODE = YES;
				CLANG_WARN__DUPLICATE_METHOD_MATCH = YES;
				CODE_SIGN_IDENTITY = "-";
				COPY_PHASE_STRIP = NO;
				DEBUG_INFORMATION_FORMAT = "dwarf-with-dsym";
				ENABLE_NS_ASSERTIONS = NO;
				ENABLE_STRICT_OBJC_MSGSEND = YES;
				GCC_C_LANGUAGE_STANDARD = gnu99;
				GCC_NO_COMMON_BLOCKS = YES;
				GCC_WARN_64_TO_32_BIT_CONVERSION = YES;
				GCC_WARN_ABOUT_RETURN_TYPE = YES_ERROR;
				GCC_WARN_UNDECLARED_SELECTOR = YES;
				GCC_WARN_UNINITIALIZED_AUTOS = YES_AGGRESSIVE;
				GCC_WARN_UNUSED_FUNCTION = YES;
				GCC_WARN_UNUSED_VARIABLE = YES;
				MACOSX_DEPLOYMENT_TARGET = 10.12;
				MTL_ENABLE_DEBUG_INFO = NO;
				SDKROOT = macosx;
			};
			name = Release;
		};
		12DBEA9F1E1D3AEA0088A486 /* Debug */ = {
			isa = XCBuildConfiguration;
			buildSettings = {
				DEVELOPMENT_TEAM = YB4RLQ4M9A;
				FRAMEWORK_SEARCH_PATHS = (
					"$(inherited)",
					"$(PROJECT_DIR)/build/Debug-iphoneos",
				);
				PRODUCT_NAME = "$(TARGET_NAME)";
			};
			name = Debug;
		};
		12DBEAA01E1D3AEA0088A486 /* Release */ = {
			isa = XCBuildConfiguration;
			buildSettings = {
				DEVELOPMENT_TEAM = YB4RLQ4M9A;
				FRAMEWORK_SEARCH_PATHS = (
					"$(inherited)",
					"$(PROJECT_DIR)/build/Debug-iphoneos",
				);
				PRODUCT_NAME = "$(TARGET_NAME)";
			};
			name = Release;
		};
/* End XCBuildConfiguration section */

/* Begin XCConfigurationList section */
		12DBEA921E1D3AEA0088A486 /* Build configuration list for PBXProject "dgmppDemo" */ = {
			isa = XCConfigurationList;
			buildConfigurations = (
				12DBEA9C1E1D3AEA0088A486 /* Debug */,
				12DBEA9D1E1D3AEA0088A486 /* Release */,
			);
			defaultConfigurationIsVisible = 0;
			defaultConfigurationName = Release;
		};
		12DBEA9E1E1D3AEA0088A486 /* Build configuration list for PBXNativeTarget "dgmppDemo" */ = {
			isa = XCConfigurationList;
			buildConfigurations = (
				12DBEA9F1E1D3AEA0088A486 /* Debug */,
				12DBEAA01E1D3AEA0088A486 /* Release */,
			);
			defaultConfigurationIsVisible = 0;
			defaultConfigurationName = Release;
		};
/* End XCConfigurationList section */
	};
	rootObject = 12DBEA8F1E1D3AEA0088A486 /* Project object */;
}
