// !$*UTF8*$!
{
	archiveVersion = 1;
	classes = {
	};
	objectVersion = 48;
	objects = {

/* Begin PBXBuildFile section */
		123CC8AC1FCD778F00C34372 /* modifiersdump.cpp in Sources */ = {isa = PBXBuildFile; fileRef = 123CC8AA1FCD778F00C34372 /* modifiersdump.cpp */; };
		123CC8AF1FCD878500C34372 /* Compiler.cpp in Sources */ = {isa = PBXBuildFile; fileRef = 123CC8AD1FCD878400C34372 /* Compiler.cpp */; };
		12A821FD1FA8B2CE002809F0 /* main.cpp in Sources */ = {isa = PBXBuildFile; fileRef = 12A821FC1FA8B2CE002809F0 /* main.cpp */; };
		12A822051FA8B2DA002809F0 /* libsqlite3.tbd in Frameworks */ = {isa = PBXBuildFile; fileRef = 12A822041FA8B2DA002809F0 /* libsqlite3.tbd */; };
		12A822081FA8B307002809F0 /* SQLiteDatabase.cpp in Sources */ = {isa = PBXBuildFile; fileRef = 12A822061FA8B307002809F0 /* SQLiteDatabase.cpp */; };
/* End PBXBuildFile section */

/* Begin PBXCopyFilesBuildPhase section */
		12A821F71FA8B2CE002809F0 /* CopyFiles */ = {
			isa = PBXCopyFilesBuildPhase;
			buildActionMask = 2147483647;
			dstPath = /usr/share/man/man1/;
			dstSubfolderSpec = 0;
			files = (
			);
			runOnlyForDeploymentPostprocessing = 1;
		};
/* End PBXCopyFilesBuildPhase section */

/* Begin PBXFileReference section */
		123CC8AA1FCD778F00C34372 /* modifiersdump.cpp */ = {isa = PBXFileReference; lastKnownFileType = sourcecode.cpp.cpp; path = modifiersdump.cpp; sourceTree = "<group>"; };
		123CC8AB1FCD778F00C34372 /* modifiersdump.hpp */ = {isa = PBXFileReference; lastKnownFileType = sourcecode.cpp.h; path = modifiersdump.hpp; sourceTree = "<group>"; };
		123CC8AD1FCD878400C34372 /* Compiler.cpp */ = {isa = PBXFileReference; lastKnownFileType = sourcecode.cpp.cpp; path = Compiler.cpp; sourceTree = "<group>"; };
		123CC8AE1FCD878400C34372 /* Compiler.hpp */ = {isa = PBXFileReference; lastKnownFileType = sourcecode.cpp.h; path = Compiler.hpp; sourceTree = "<group>"; };
		123CC8B01FCD879500C34372 /* Operands.hpp */ = {isa = PBXFileReference; lastKnownFileType = sourcecode.cpp.h; path = Operands.hpp; sourceTree = "<group>"; };
		12A821F91FA8B2CE002809F0 /* dgm-tool */ = {isa = PBXFileReference; explicitFileType = "compiled.mach-o.executable"; includeInIndex = 0; path = "dgm-tool"; sourceTree = BUILT_PRODUCTS_DIR; };
		12A821FC1FA8B2CE002809F0 /* main.cpp */ = {isa = PBXFileReference; lastKnownFileType = sourcecode.cpp.cpp; path = main.cpp; sourceTree = "<group>"; };
		12A822041FA8B2DA002809F0 /* libsqlite3.tbd */ = {isa = PBXFileReference; lastKnownFileType = "sourcecode.text-based-dylib-definition"; name = libsqlite3.tbd; path = usr/lib/libsqlite3.tbd; sourceTree = SDKROOT; };
		12A822061FA8B307002809F0 /* SQLiteDatabase.cpp */ = {isa = PBXFileReference; lastKnownFileType = sourcecode.cpp.cpp; path = SQLiteDatabase.cpp; sourceTree = "<group>"; };
		12A822071FA8B307002809F0 /* SQLiteDatabase.hpp */ = {isa = PBXFileReference; lastKnownFileType = sourcecode.cpp.h; path = SQLiteDatabase.hpp; sourceTree = "<group>"; };
/* End PBXFileReference section */

/* Begin PBXFrameworksBuildPhase section */
		12A821F61FA8B2CE002809F0 /* Frameworks */ = {
			isa = PBXFrameworksBuildPhase;
			buildActionMask = 2147483647;
			files = (
				12A822051FA8B2DA002809F0 /* libsqlite3.tbd in Frameworks */,
			);
			runOnlyForDeploymentPostprocessing = 0;
		};
/* End PBXFrameworksBuildPhase section */

/* Begin PBXGroup section */
		12A821F01FA8B2CE002809F0 = {
			isa = PBXGroup;
			children = (
				12A821FB1FA8B2CE002809F0 /* dgm */,
				12A821FA1FA8B2CE002809F0 /* Products */,
				12A822031FA8B2DA002809F0 /* Frameworks */,
			);
			sourceTree = "<group>";
		};
		12A821FA1FA8B2CE002809F0 /* Products */ = {
			isa = PBXGroup;
			children = (
				12A821F91FA8B2CE002809F0 /* dgm-tool */,
			);
			name = Products;
			sourceTree = "<group>";
		};
		12A821FB1FA8B2CE002809F0 /* dgm */ = {
			isa = PBXGroup;
			children = (
				12A821FC1FA8B2CE002809F0 /* main.cpp */,
				123CC8AA1FCD778F00C34372 /* modifiersdump.cpp */,
				123CC8AB1FCD778F00C34372 /* modifiersdump.hpp */,
				12A822061FA8B307002809F0 /* SQLiteDatabase.cpp */,
				12A822071FA8B307002809F0 /* SQLiteDatabase.hpp */,
				123CC8AD1FCD878400C34372 /* Compiler.cpp */,
				123CC8AE1FCD878400C34372 /* Compiler.hpp */,
				123CC8B01FCD879500C34372 /* Operands.hpp */,
			);
			name = dgm;
			path = src;
			sourceTree = "<group>";
		};
		12A822031FA8B2DA002809F0 /* Frameworks */ = {
			isa = PBXGroup;
			children = (
				12A822041FA8B2DA002809F0 /* libsqlite3.tbd */,
			);
			name = Frameworks;
			sourceTree = "<group>";
		};
/* End PBXGroup section */

/* Begin PBXNativeTarget section */
		12A821F81FA8B2CE002809F0 /* dgm-tool */ = {
			isa = PBXNativeTarget;
			buildConfigurationList = 12A822001FA8B2CE002809F0 /* Build configuration list for PBXNativeTarget "dgm-tool" */;
			buildPhases = (
				12A821F51FA8B2CE002809F0 /* Sources */,
				12A821F61FA8B2CE002809F0 /* Frameworks */,
				12A821F71FA8B2CE002809F0 /* CopyFiles */,
			);
			buildRules = (
			);
			dependencies = (
			);
			name = "dgm-tool";
			productName = dgm;
			productReference = 12A821F91FA8B2CE002809F0 /* dgm-tool */;
			productType = "com.apple.product-type.tool";
		};
/* End PBXNativeTarget section */

/* Begin PBXProject section */
		12A821F11FA8B2CE002809F0 /* Project object */ = {
			isa = PBXProject;
			attributes = {
				LastUpgradeCheck = 1000;
				ORGANIZATIONNAME = "Artem Shimanski";
				TargetAttributes = {
					12A821F81FA8B2CE002809F0 = {
						CreatedOnToolsVersion = 9.0;
						ProvisioningStyle = Automatic;
					};
				};
			};
			buildConfigurationList = 12A821F41FA8B2CE002809F0 /* Build configuration list for PBXProject "dgm-tool" */;
			compatibilityVersion = "Xcode 8.0";
			developmentRegion = en;
			hasScannedForEncodings = 0;
			knownRegions = (
				en,
			);
			mainGroup = 12A821F01FA8B2CE002809F0;
			productRefGroup = 12A821FA1FA8B2CE002809F0 /* Products */;
			projectDirPath = "";
			projectRoot = "";
			targets = (
				12A821F81FA8B2CE002809F0 /* dgm-tool */,
			);
		};
/* End PBXProject section */

/* Begin PBXSourcesBuildPhase section */
		12A821F51FA8B2CE002809F0 /* Sources */ = {
			isa = PBXSourcesBuildPhase;
			buildActionMask = 2147483647;
			files = (
				123CC8AF1FCD878500C34372 /* Compiler.cpp in Sources */,
				12A822081FA8B307002809F0 /* SQLiteDatabase.cpp in Sources */,
				123CC8AC1FCD778F00C34372 /* modifiersdump.cpp in Sources */,
				12A821FD1FA8B2CE002809F0 /* main.cpp in Sources */,
			);
			runOnlyForDeploymentPostprocessing = 0;
		};
/* End PBXSourcesBuildPhase section */

/* Begin XCBuildConfiguration section */
		12A821FE1FA8B2CE002809F0 /* Debug */ = {
			isa = XCBuildConfiguration;
			buildSettings = {
				ALWAYS_SEARCH_USER_PATHS = NO;
				CLANG_ANALYZER_NONNULL = YES;
				CLANG_ANALYZER_NUMBER_OBJECT_CONVERSION = YES_AGGRESSIVE;
				CLANG_CXX_LANGUAGE_STANDARD = "gnu++14";
				CLANG_CXX_LIBRARY = "libc++";
				CLANG_ENABLE_MODULES = YES;
				CLANG_ENABLE_OBJC_ARC = YES;
				CLANG_WARN_BLOCK_CAPTURE_AUTORELEASING = YES;
				CLANG_WARN_BOOL_CONVERSION = YES;
				CLANG_WARN_COMMA = YES;
				CLANG_WARN_CONSTANT_CONVERSION = YES;
				CLANG_WARN_DEPRECATED_OBJC_IMPLEMENTATIONS = YES;
				CLANG_WARN_DIRECT_OBJC_ISA_USAGE = YES_ERROR;
				CLANG_WARN_DOCUMENTATION_COMMENTS = YES;
				CLANG_WARN_EMPTY_BODY = YES;
				CLANG_WARN_ENUM_CONVERSION = YES;
				CLANG_WARN_INFINITE_RECURSION = YES;
				CLANG_WARN_INT_CONVERSION = YES;
				CLANG_WARN_NON_LITERAL_NULL_CONVERSION = YES;
				CLANG_WARN_OBJC_IMPLICIT_RETAIN_SELF = YES;
				CLANG_WARN_OBJC_LITERAL_CONVERSION = YES;
				CLANG_WARN_OBJC_ROOT_CLASS = YES_ERROR;
				CLANG_WARN_RANGE_LOOP_ANALYSIS = YES;
				CLANG_WARN_STRICT_PROTOTYPES = YES;
				CLANG_WARN_SUSPICIOUS_MOVE = YES;
				CLANG_WARN_UNGUARDED_AVAILABILITY = YES_AGGRESSIVE;
				CLANG_WARN_UNREACHABLE_CODE = YES;
				CLANG_WARN__DUPLICATE_METHOD_MATCH = YES;
				CODE_SIGN_IDENTITY = "-";
				COPY_PHASE_STRIP = NO;
				DEBUG_INFORMATION_FORMAT = dwarf;
				ENABLE_STRICT_OBJC_MSGSEND = YES;
				ENABLE_TESTABILITY = YES;
				GCC_C_LANGUAGE_STANDARD = gnu11;
				GCC_DYNAMIC_NO_PIC = NO;
				GCC_NO_COMMON_BLOCKS = YES;
				GCC_OPTIMIZATION_LEVEL = 0;
				GCC_PREPROCESSOR_DEFINITIONS = (
					"DEBUG=1",
					"$(inherited)",
				);
				GCC_WARN_64_TO_32_BIT_CONVERSION = YES;
				GCC_WARN_ABOUT_RETURN_TYPE = YES_ERROR;
				GCC_WARN_UNDECLARED_SELECTOR = YES;
				GCC_WARN_UNINITIALIZED_AUTOS = YES_AGGRESSIVE;
				GCC_WARN_UNUSED_FUNCTION = YES;
				GCC_WARN_UNUSED_VARIABLE = YES;
				MACOSX_DEPLOYMENT_TARGET = 10.13;
				MTL_ENABLE_DEBUG_INFO = YES;
				ONLY_ACTIVE_ARCH = YES;
				SDKROOT = macosx;
			};
			name = Debug;
		};
		12A821FF1FA8B2CE002809F0 /* Release */ = {
			isa = XCBuildConfiguration;
			buildSettings = {
				ALWAYS_SEARCH_USER_PATHS = NO;
				CLANG_ANALYZER_NONNULL = YES;
				CLANG_ANALYZER_NUMBER_OBJECT_CONVERSION = YES_AGGRESSIVE;
				CLANG_CXX_LANGUAGE_STANDARD = "gnu++14";
				CLANG_CXX_LIBRARY = "libc++";
				CLANG_ENABLE_MODULES = YES;
				CLANG_ENABLE_OBJC_ARC = YES;
				CLANG_WARN_BLOCK_CAPTURE_AUTORELEASING = YES;
				CLANG_WARN_BOOL_CONVERSION = YES;
				CLANG_WARN_COMMA = YES;
				CLANG_WARN_CONSTANT_CONVERSION = YES;
				CLANG_WARN_DEPRECATED_OBJC_IMPLEMENTATIONS = YES;
				CLANG_WARN_DIRECT_OBJC_ISA_USAGE = YES_ERROR;
				CLANG_WARN_DOCUMENTATION_COMMENTS = YES;
				CLANG_WARN_EMPTY_BODY = YES;
				CLANG_WARN_ENUM_CONVERSION = YES;
				CLANG_WARN_INFINITE_RECURSION = YES;
				CLANG_WARN_INT_CONVERSION = YES;
				CLANG_WARN_NON_LITERAL_NULL_CONVERSION = YES;
				CLANG_WARN_OBJC_IMPLICIT_RETAIN_SELF = YES;
				CLANG_WARN_OBJC_LITERAL_CONVERSION = YES;
				CLANG_WARN_OBJC_ROOT_CLASS = YES_ERROR;
				CLANG_WARN_RANGE_LOOP_ANALYSIS = YES;
				CLANG_WARN_STRICT_PROTOTYPES = YES;
				CLANG_WARN_SUSPICIOUS_MOVE = YES;
				CLANG_WARN_UNGUARDED_AVAILABILITY = YES_AGGRESSIVE;
				CLANG_WARN_UNREACHABLE_CODE = YES;
				CLANG_WARN__DUPLICATE_METHOD_MATCH = YES;
				CODE_SIGN_IDENTITY = "-";
				COPY_PHASE_STRIP = NO;
				DEBUG_INFORMATION_FORMAT = "dwarf-with-dsym";
				ENABLE_NS_ASSERTIONS = NO;
				ENABLE_STRICT_OBJC_MSGSEND = YES;
				GCC_C_LANGUAGE_STANDARD = gnu11;
				GCC_NO_COMMON_BLOCKS = YES;
				GCC_WARN_64_TO_32_BIT_CONVERSION = YES;
				GCC_WARN_ABOUT_RETURN_TYPE = YES_ERROR;
				GCC_WARN_UNDECLARED_SELECTOR = YES;
				GCC_WARN_UNINITIALIZED_AUTOS = YES_AGGRESSIVE;
				GCC_WARN_UNUSED_FUNCTION = YES;
				GCC_WARN_UNUSED_VARIABLE = YES;
				MACOSX_DEPLOYMENT_TARGET = 10.13;
				MTL_ENABLE_DEBUG_INFO = NO;
				SDKROOT = macosx;
			};
			name = Release;
		};
		12A822011FA8B2CE002809F0 /* Debug */ = {
			isa = XCBuildConfiguration;
			buildSettings = {
				CLANG_CXX_LANGUAGE_STANDARD = "gnu++17";
				CODE_SIGN_STYLE = Automatic;
				PRODUCT_NAME = "$(TARGET_NAME)";
			};
			name = Debug;
		};
		12A822021FA8B2CE002809F0 /* Release */ = {
			isa = XCBuildConfiguration;
			buildSettings = {
				CLANG_CXX_LANGUAGE_STANDARD = "gnu++17";
				CODE_SIGN_STYLE = Automatic;
				PRODUCT_NAME = "$(TARGET_NAME)";
			};
			name = Release;
		};
/* End XCBuildConfiguration section */

/* Begin XCConfigurationList section */
		12A821F41FA8B2CE002809F0 /* Build configuration list for PBXProject "dgm-tool" */ = {
			isa = XCConfigurationList;
			buildConfigurations = (
				12A821FE1FA8B2CE002809F0 /* Debug */,
				12A821FF1FA8B2CE002809F0 /* Release */,
			);
			defaultConfigurationIsVisible = 0;
			defaultConfigurationName = Release;
		};
		12A822001FA8B2CE002809F0 /* Build configuration list for PBXNativeTarget "dgm-tool" */ = {
			isa = XCConfigurationList;
			buildConfigurations = (
				12A822011FA8B2CE002809F0 /* Debug */,
				12A822021FA8B2CE002809F0 /* Release */,
			);
			defaultConfigurationIsVisible = 0;
			defaultConfigurationName = Release;
		};
/* End XCConfigurationList section */
	};
	rootObject = 12A821F11FA8B2CE002809F0 /* Project object */;
}
