<?xml version="1.0" encoding="utf-8"?>
<Project ToolsVersion="4.0" xmlns="http://schemas.microsoft.com/developer/msbuild/2003">
  <ItemGroup>
    <Filter Include="Source Files">
      <UniqueIdentifier>{4FC737F1-C7A5-4376-A066-2A32D752A2FF}</UniqueIdentifier>
      <Extensions>cpp;c;cc;cxx;def;odl;idl;hpj;bat;asm;asmx</Extensions>
    </Filter>
    <Filter Include="Source Files\Compiler">
      <UniqueIdentifier>{61852dad-040b-4858-a01a-1e4664abdf48}</UniqueIdentifier>
    </Filter>
    <Filter Include="Source Files\ThirdParty">
      <UniqueIdentifier>{16e734d6-7f70-4a80-a8be-99d1fbbf823b}</UniqueIdentifier>
    </Filter>
    <Filter Include="Header Files">
      <UniqueIdentifier>{93995380-89BD-4b04-88EB-625FBE52EBFB}</UniqueIdentifier>
      <Extensions>h;hpp;hxx;hm;inl;inc;xsd</Extensions>
    </Filter>
    <Filter Include="Header Files\Compiler">
      <UniqueIdentifier>{d558e30f-c8ff-4e88-8b0a-ad6b0af296b0}</UniqueIdentifier>
    </Filter>
    <Filter Include="Header Files\ThirdParty">
      <UniqueIdentifier>{f022a744-6e40-4db4-8e6a-9742cdf92f83}</UniqueIdentifier>
    </Filter>
    <Filter Include="Resource Files">
      <UniqueIdentifier>{67DA6AB6-F800-4c08-8B7A-83BB121AAD01}</UniqueIdentifier>
      <Extensions>rc;ico;cur;bmp;dlg;rc2;rct;bin;rgs;gif;jpg;jpeg;jpe;resx;tiff;tif;png;wav</Extensions>
    </Filter>
  </ItemGroup>
  <ItemGroup>
    <ClCompile Include="Area.cpp">
      <Filter>Source Files</Filter>
    </ClCompile>
    <ClCompile Include="Attribute.cpp">
      <Filter>Source Files</Filter>
    </ClCompile>
    <ClCompile Include="Blob.cpp">
      <Filter>Source Files</Filter>
    </ClCompile>
    <ClCompile Include="Booster.cpp">
      <Filter>Source Files</Filter>
    </ClCompile>
    <ClCompile Include="CapacitorSimulator.cpp">
      <Filter>Source Files</Filter>
    </ClCompile>
    <ClCompile Include="Character.cpp">
      <Filter>Source Files</Filter>
    </ClCompile>
    <ClCompile Include="Charge.cpp">
      <Filter>Source Files</Filter>
    </ClCompile>
    <ClCompile Include="ControlTower.cpp">
      <Filter>Source Files</Filter>
    </ClCompile>
    <ClCompile Include="DamagePattern.cpp">
      <Filter>Source Files</Filter>
    </ClCompile>
    <ClCompile Include="Drone.cpp">
      <Filter>Source Files</Filter>
    </ClCompile>
    <ClCompile Include="Effect.cpp">
      <Filter>Source Files</Filter>
    </ClCompile>
    <ClCompile Include="EffectAdaptiveArmorHardener.cpp">
      <Filter>Source Files</Filter>
    </ClCompile>
    <ClCompile Include="EffectArmorRepairInterpreter.cpp">
      <Filter>Source Files</Filter>
    </ClCompile>
    <ClCompile Include="EffectByteCodeInterpreter.cpp">
      <Filter>Source Files</Filter>
    </ClCompile>
    <ClCompile Include="EffectEnergyDestabilizationNewInterpreter.cpp">
      <Filter>Source Files</Filter>
    </ClCompile>
    <ClCompile Include="EffectEnergyTransferInterpreter.cpp">
      <Filter>Source Files</Filter>
    </ClCompile>
    <ClCompile Include="EffecthardPointModifierEffectInterpreter.cpp">
      <Filter>Source Files</Filter>
    </ClCompile>
    <ClCompile Include="EffectHullRepairInterpreter.cpp">
      <Filter>Source Files</Filter>
    </ClCompile>
    <ClCompile Include="EffectLeechInterpreter.cpp">
      <Filter>Source Files</Filter>
    </ClCompile>
    <ClCompile Include="EffectShieldBoostingInterpreter.cpp">
      <Filter>Source Files</Filter>
    </ClCompile>
    <ClCompile Include="EffectSlotModifierInterpreter.cpp">
      <Filter>Source Files</Filter>
    </ClCompile>
    <ClCompile Include="Engine.cpp">
      <Filter>Source Files</Filter>
    </ClCompile>
    <ClCompile Include="FetchResult.cpp">
      <Filter>Source Files</Filter>
    </ClCompile>
    <ClCompile Include="Gang.cpp">
      <Filter>Source Files</Filter>
    </ClCompile>
    <ClCompile Include="HeatSimulator.cpp">
      <Filter>Source Files</Filter>
    </ClCompile>
    <ClCompile Include="Implant.cpp">
      <Filter>Source Files</Filter>
    </ClCompile>
    <ClCompile Include="Item.cpp">
      <Filter>Source Files</Filter>
    </ClCompile>
    <ClCompile Include="LocationGroupModifier.cpp">
      <Filter>Source Files</Filter>
    </ClCompile>
    <ClCompile Include="LocationRequiredSkillModifier.cpp">
      <Filter>Source Files</Filter>
    </ClCompile>
    <ClCompile Include="main.cpp">
      <Filter>Source Files</Filter>
    </ClCompile>
    <ClCompile Include="Modifier.cpp">
      <Filter>Source Files</Filter>
    </ClCompile>
    <ClCompile Include="Module.cpp">
      <Filter>Source Files</Filter>
    </ClCompile>
    <ClCompile Include="Mutex.cpp">
      <Filter>Source Files</Filter>
    </ClCompile>
    <ClCompile Include="Ship.cpp">
      <Filter>Source Files</Filter>
    </ClCompile>
    <ClCompile Include="Skill.cpp">
      <Filter>Source Files</Filter>
    </ClCompile>
    <ClCompile Include="SqlConnector.cpp">
      <Filter>Source Files</Filter>
    </ClCompile>
    <ClCompile Include="SqliteConnector.cpp">
      <Filter>Source Files</Filter>
    </ClCompile>
    <ClCompile Include="SqliteFetchResult.cpp">
      <Filter>Source Files</Filter>
    </ClCompile>
    <ClCompile Include="Structure.cpp">
      <Filter>Source Files</Filter>
    </ClCompile>
    <ClCompile Include="Compiler.cpp">
      <Filter>Source Files\Compiler</Filter>
    </ClCompile>
    <ClCompile Include="ThirdParty\sqlite3.c">
      <Filter>Source Files\ThirdParty</Filter>
    </ClCompile>
    <ClCompile Include="Encoder.cpp">
      <Filter>Source Files</Filter>
    </ClCompile>
    <ClCompile Include="Decoder.cpp">
      <Filter>Source Files</Filter>
    </ClCompile>
  </ItemGroup>
  <ItemGroup>
    <ClInclude Include="Area.h">
      <Filter>Header Files</Filter>
    </ClInclude>
    <ClInclude Include="Attribute.h">
      <Filter>Header Files</Filter>
    </ClInclude>
    <ClInclude Include="Blob.h">
      <Filter>Header Files</Filter>
    </ClInclude>
    <ClInclude Include="Booster.h">
      <Filter>Header Files</Filter>
    </ClInclude>
    <ClInclude Include="CapacitorSimulator.h">
      <Filter>Header Files</Filter>
    </ClInclude>
    <ClInclude Include="Character.h">
      <Filter>Header Files</Filter>
    </ClInclude>
    <ClInclude Include="Charge.h">
      <Filter>Header Files</Filter>
    </ClInclude>
    <ClInclude Include="ControlTower.h">
      <Filter>Header Files</Filter>
    </ClInclude>
    <ClInclude Include="DamagePattern.h">
      <Filter>Header Files</Filter>
    </ClInclude>
    <ClInclude Include="Drone.h">
      <Filter>Header Files</Filter>
    </ClInclude>
    <ClInclude Include="Effect.h">
      <Filter>Header Files</Filter>
    </ClInclude>
    <ClInclude Include="EffectAdaptiveArmorHardener.h">
      <Filter>Header Files</Filter>
    </ClInclude>
    <ClInclude Include="EffectArmorRepairInterpreter.h">
      <Filter>Header Files</Filter>
    </ClInclude>
    <ClInclude Include="EffectByteCodeInterpreter.h">
      <Filter>Header Files</Filter>
    </ClInclude>
    <ClInclude Include="EffectEnergyDestabilizationNewInterpreter.h">
      <Filter>Header Files</Filter>
    </ClInclude>
    <ClInclude Include="EffectEnergyTransferInterpreter.h">
      <Filter>Header Files</Filter>
    </ClInclude>
    <ClInclude Include="EffecthardPointModifierEffectInterpreter.h">
      <Filter>Header Files</Filter>
    </ClInclude>
    <ClInclude Include="EffectHullRepairInterpreter.h">
      <Filter>Header Files</Filter>
    </ClInclude>
    <ClInclude Include="EffectInterpreter.h">
      <Filter>Header Files</Filter>
    </ClInclude>
    <ClInclude Include="EffectLeechInterpreter.h">
      <Filter>Header Files</Filter>
    </ClInclude>
    <ClInclude Include="EffectShieldBoostingInterpreter.h">
      <Filter>Header Files</Filter>
    </ClInclude>
    <ClInclude Include="EffectSlotModifierInterpreter.h">
      <Filter>Header Files</Filter>
    </ClInclude>
    <ClInclude Include="Engine.h">
      <Filter>Header Files</Filter>
    </ClInclude>
    <ClInclude Include="eufe.h">
      <Filter>Header Files</Filter>
    </ClInclude>
    <ClInclude Include="FetchResult.h">
      <Filter>Header Files</Filter>
    </ClInclude>
    <ClInclude Include="Gang.h">
      <Filter>Header Files</Filter>
    </ClInclude>
    <ClInclude Include="HeatSimulator.h">
      <Filter>Header Files</Filter>
    </ClInclude>
    <ClInclude Include="Implant.h">
      <Filter>Header Files</Filter>
    </ClInclude>
    <ClInclude Include="Item.h">
      <Filter>Header Files</Filter>
    </ClInclude>
    <ClInclude Include="LocationGroupModifier.h">
      <Filter>Header Files</Filter>
    </ClInclude>
    <ClInclude Include="LocationRequiredSkillModifier.h">
      <Filter>Header Files</Filter>
    </ClInclude>
    <ClInclude Include="Modifier.h">
      <Filter>Header Files</Filter>
    </ClInclude>
    <ClInclude Include="Module.h">
      <Filter>Header Files</Filter>
    </ClInclude>
    <ClInclude Include="Mutex.h">
      <Filter>Header Files</Filter>
    </ClInclude>
    <ClInclude Include="Ship.h">
      <Filter>Header Files</Filter>
    </ClInclude>
    <ClInclude Include="Skill.h">
      <Filter>Header Files</Filter>
    </ClInclude>
    <ClInclude Include="SqlConnector.h">
      <Filter>Header Files</Filter>
    </ClInclude>
    <ClInclude Include="SqliteConnector.h">
      <Filter>Header Files</Filter>
    </ClInclude>
    <ClInclude Include="SqliteFetchResult.h">
      <Filter>Header Files</Filter>
    </ClInclude>
    <ClInclude Include="Structure.h">
      <Filter>Header Files</Filter>
    </ClInclude>
    <ClInclude Include="types.h">
      <Filter>Header Files</Filter>
    </ClInclude>
    <ClInclude Include="Compiler.h">
      <Filter>Header Files\Compiler</Filter>
    </ClInclude>
    <ClInclude Include="ThirdParty\sqlite3.h">
      <Filter>Header Files\ThirdParty</Filter>
    </ClInclude>
    <ClInclude Include="ThirdParty\sqlite3ext.h">
      <Filter>Header Files\ThirdParty</Filter>
    </ClInclude>
    <ClInclude Include="Encoder.h">
      <Filter>Header Files</Filter>
    </ClInclude>
    <ClInclude Include="Decoder.h">
      <Filter>Header Files</Filter>
    </ClInclude>
  </ItemGroup>
</Project>