<?xml version="1.0" encoding="utf-8"?>
<Project ToolsVersion="4.0" xmlns="http://schemas.microsoft.com/developer/msbuild/2003">
  <ItemGroup>
    <Filter Include="Header Files">
      <UniqueIdentifier>{a9c918e7-c2e7-4170-87eb-29f110cc4598}</UniqueIdentifier>
    </Filter>
    <Filter Include="Header Files\ThirdParty">
      <UniqueIdentifier>{6b750f10-0ab6-4e05-b6f9-1574da4d2dc5}</UniqueIdentifier>
    </Filter>
    <Filter Include="Source Files">
      <UniqueIdentifier>{51249fb2-8e03-4bf7-9ae5-18435ca322ae}</UniqueIdentifier>
    </Filter>
    <Filter Include="Source Files\ThirdParty">
      <UniqueIdentifier>{07c5fffe-6cb0-48ba-9b6d-2c53b18ad8cc}</UniqueIdentifier>
    </Filter>
    <Filter Include="Resource Files">
      <UniqueIdentifier>{67DA6AB6-F800-4c08-8B7A-83BB121AAD01}</UniqueIdentifier>
      <Extensions>rc;ico;cur;bmp;dlg;rc2;rct;bin;rgs;gif;jpg;jpeg;jpe;resx;tiff;tif;png;wav</Extensions>
    </Filter>
  </ItemGroup>
  <ItemGroup>
    <ClInclude Include="..\eufe\Area.h">
      <Filter>Header Files</Filter>
    </ClInclude>
    <ClInclude Include="..\eufe\Attribute.h">
      <Filter>Header Files</Filter>
    </ClInclude>
    <ClInclude Include="..\eufe\Blob.h">
      <Filter>Header Files</Filter>
    </ClInclude>
    <ClInclude Include="..\eufe\Booster.h">
      <Filter>Header Files</Filter>
    </ClInclude>
    <ClInclude Include="..\eufe\CapacitorSimulator.h">
      <Filter>Header Files</Filter>
    </ClInclude>
    <ClInclude Include="..\eufe\Character.h">
      <Filter>Header Files</Filter>
    </ClInclude>
    <ClInclude Include="..\eufe\Charge.h">
      <Filter>Header Files</Filter>
    </ClInclude>
    <ClInclude Include="..\eufe\ControlTower.h">
      <Filter>Header Files</Filter>
    </ClInclude>
    <ClInclude Include="..\eufe\DamagePattern.h">
      <Filter>Header Files</Filter>
    </ClInclude>
    <ClInclude Include="..\eufe\Drone.h">
      <Filter>Header Files</Filter>
    </ClInclude>
    <ClInclude Include="..\eufe\Effect.h">
      <Filter>Header Files</Filter>
    </ClInclude>
    <ClInclude Include="..\eufe\EffectAdaptiveArmorHardener.h">
      <Filter>Header Files</Filter>
    </ClInclude>
    <ClInclude Include="..\eufe\EffectArmorRepairInterpreter.h">
      <Filter>Header Files</Filter>
    </ClInclude>
    <ClInclude Include="..\eufe\EffectByteCodeInterpreter.h">
      <Filter>Header Files</Filter>
    </ClInclude>
    <ClInclude Include="..\eufe\EffectEnergyDestabilizationNewInterpreter.h">
      <Filter>Header Files</Filter>
    </ClInclude>
    <ClInclude Include="..\eufe\EffectEnergyTransferInterpreter.h">
      <Filter>Header Files</Filter>
    </ClInclude>
    <ClInclude Include="..\eufe\EffectHardPointModifierEffectInterpreter.h">
      <Filter>Header Files</Filter>
    </ClInclude>
    <ClInclude Include="..\eufe\EffectHullRepairInterpreter.h">
      <Filter>Header Files</Filter>
    </ClInclude>
    <ClInclude Include="..\eufe\EffectInterpreter.h">
      <Filter>Header Files</Filter>
    </ClInclude>
    <ClInclude Include="..\eufe\EffectLeechInterpreter.h">
      <Filter>Header Files</Filter>
    </ClInclude>
    <ClInclude Include="..\eufe\EffectShieldBoostingInterpreter.h">
      <Filter>Header Files</Filter>
    </ClInclude>
    <ClInclude Include="..\eufe\EffectSlotModifierInterpreter.h">
      <Filter>Header Files</Filter>
    </ClInclude>
    <ClInclude Include="..\eufe\Engine.h">
      <Filter>Header Files</Filter>
    </ClInclude>
    <ClInclude Include="..\eufe\eufe.h">
      <Filter>Header Files</Filter>
    </ClInclude>
    <ClInclude Include="..\eufe\FetchResult.h">
      <Filter>Header Files</Filter>
    </ClInclude>
    <ClInclude Include="..\eufe\Gang.h">
      <Filter>Header Files</Filter>
    </ClInclude>
    <ClInclude Include="..\eufe\HeatSimulator.h">
      <Filter>Header Files</Filter>
    </ClInclude>
    <ClInclude Include="..\eufe\Implant.h">
      <Filter>Header Files</Filter>
    </ClInclude>
    <ClInclude Include="..\eufe\Item.h">
      <Filter>Header Files</Filter>
    </ClInclude>
    <ClInclude Include="..\eufe\LocationGroupModifier.h">
      <Filter>Header Files</Filter>
    </ClInclude>
    <ClInclude Include="..\eufe\LocationRequiredSkillModifier.h">
      <Filter>Header Files</Filter>
    </ClInclude>
    <ClInclude Include="..\eufe\Modifier.h">
      <Filter>Header Files</Filter>
    </ClInclude>
    <ClInclude Include="..\eufe\Module.h">
      <Filter>Header Files</Filter>
    </ClInclude>
    <ClInclude Include="..\eufe\Mutex.h">
      <Filter>Header Files</Filter>
    </ClInclude>
    <ClInclude Include="..\eufe\Ship.h">
      <Filter>Header Files</Filter>
    </ClInclude>
    <ClInclude Include="..\eufe\Skill.h">
      <Filter>Header Files</Filter>
    </ClInclude>
    <ClInclude Include="..\eufe\SqlConnector.h">
      <Filter>Header Files</Filter>
    </ClInclude>
    <ClInclude Include="..\eufe\SqliteConnector.h">
      <Filter>Header Files</Filter>
    </ClInclude>
    <ClInclude Include="..\eufe\SqliteFetchResult.h">
      <Filter>Header Files</Filter>
    </ClInclude>
    <ClInclude Include="..\eufe\Structure.h">
      <Filter>Header Files</Filter>
    </ClInclude>
    <ClInclude Include="..\eufe\types.h">
      <Filter>Header Files</Filter>
    </ClInclude>
    <ClInclude Include="..\eufe\ThirdParty\sqlite3.h">
      <Filter>Header Files\ThirdParty</Filter>
    </ClInclude>
    <ClInclude Include="..\eufe\ThirdParty\sqlite3ext.h">
      <Filter>Header Files\ThirdParty</Filter>
    </ClInclude>
    <ClInclude Include="..\eufe\Decoder.h">
      <Filter>Header Files</Filter>
    </ClInclude>
    <ClInclude Include="..\eufe\EffectNaniteRepairPasteArmorDamageBonus.h">
      <Filter>Header Files</Filter>
    </ClInclude>
    <ClInclude Include="..\eufe\Encoder.h">
      <Filter>Header Files</Filter>
    </ClInclude>
  </ItemGroup>
  <ItemGroup>
    <ClCompile Include="..\eufe\Area.cpp">
      <Filter>Source Files</Filter>
    </ClCompile>
    <ClCompile Include="..\eufe\Attribute.cpp">
      <Filter>Source Files</Filter>
    </ClCompile>
    <ClCompile Include="..\eufe\Blob.cpp">
      <Filter>Source Files</Filter>
    </ClCompile>
    <ClCompile Include="..\eufe\Booster.cpp">
      <Filter>Source Files</Filter>
    </ClCompile>
    <ClCompile Include="..\eufe\CapacitorSimulator.cpp">
      <Filter>Source Files</Filter>
    </ClCompile>
    <ClCompile Include="..\eufe\Character.cpp">
      <Filter>Source Files</Filter>
    </ClCompile>
    <ClCompile Include="..\eufe\Charge.cpp">
      <Filter>Source Files</Filter>
    </ClCompile>
    <ClCompile Include="..\eufe\ControlTower.cpp">
      <Filter>Source Files</Filter>
    </ClCompile>
    <ClCompile Include="..\eufe\DamagePattern.cpp">
      <Filter>Source Files</Filter>
    </ClCompile>
    <ClCompile Include="..\eufe\Drone.cpp">
      <Filter>Source Files</Filter>
    </ClCompile>
    <ClCompile Include="..\eufe\Effect.cpp">
      <Filter>Source Files</Filter>
    </ClCompile>
    <ClCompile Include="..\eufe\EffectAdaptiveArmorHardener.cpp">
      <Filter>Source Files</Filter>
    </ClCompile>
    <ClCompile Include="..\eufe\EffectArmorRepairInterpreter.cpp">
      <Filter>Source Files</Filter>
    </ClCompile>
    <ClCompile Include="..\eufe\EffectByteCodeInterpreter.cpp">
      <Filter>Source Files</Filter>
    </ClCompile>
    <ClCompile Include="..\eufe\EffectEnergyDestabilizationNewInterpreter.cpp">
      <Filter>Source Files</Filter>
    </ClCompile>
    <ClCompile Include="..\eufe\EffectEnergyTransferInterpreter.cpp">
      <Filter>Source Files</Filter>
    </ClCompile>
    <ClCompile Include="..\eufe\EffectHardPointModifierEffectInterpreter.cpp">
      <Filter>Source Files</Filter>
    </ClCompile>
    <ClCompile Include="..\eufe\EffectHullRepairInterpreter.cpp">
      <Filter>Source Files</Filter>
    </ClCompile>
    <ClCompile Include="..\eufe\EffectLeechInterpreter.cpp">
      <Filter>Source Files</Filter>
    </ClCompile>
    <ClCompile Include="..\eufe\EffectShieldBoostingInterpreter.cpp">
      <Filter>Source Files</Filter>
    </ClCompile>
    <ClCompile Include="..\eufe\EffectSlotModifierInterpreter.cpp">
      <Filter>Source Files</Filter>
    </ClCompile>
    <ClCompile Include="..\eufe\Engine.cpp">
      <Filter>Source Files</Filter>
    </ClCompile>
    <ClCompile Include="..\eufe\FetchResult.cpp">
      <Filter>Source Files</Filter>
    </ClCompile>
    <ClCompile Include="..\eufe\Gang.cpp">
      <Filter>Source Files</Filter>
    </ClCompile>
    <ClCompile Include="..\eufe\HeatSimulator.cpp">
      <Filter>Source Files</Filter>
    </ClCompile>
    <ClCompile Include="..\eufe\Implant.cpp">
      <Filter>Source Files</Filter>
    </ClCompile>
    <ClCompile Include="..\eufe\Item.cpp">
      <Filter>Source Files</Filter>
    </ClCompile>
    <ClCompile Include="..\eufe\LocationGroupModifier.cpp">
      <Filter>Source Files</Filter>
    </ClCompile>
    <ClCompile Include="..\eufe\LocationRequiredSkillModifier.cpp">
      <Filter>Source Files</Filter>
    </ClCompile>
    <ClCompile Include="..\eufe\Modifier.cpp">
      <Filter>Source Files</Filter>
    </ClCompile>
    <ClCompile Include="..\eufe\Module.cpp">
      <Filter>Source Files</Filter>
    </ClCompile>
    <ClCompile Include="..\eufe\Mutex.cpp">
      <Filter>Source Files</Filter>
    </ClCompile>
    <ClCompile Include="..\eufe\Ship.cpp">
      <Filter>Source Files</Filter>
    </ClCompile>
    <ClCompile Include="..\eufe\Skill.cpp">
      <Filter>Source Files</Filter>
    </ClCompile>
    <ClCompile Include="..\eufe\SqlConnector.cpp">
      <Filter>Source Files</Filter>
    </ClCompile>
    <ClCompile Include="..\eufe\SqliteConnector.cpp">
      <Filter>Source Files</Filter>
    </ClCompile>
    <ClCompile Include="..\eufe\SqliteFetchResult.cpp">
      <Filter>Source Files</Filter>
    </ClCompile>
    <ClCompile Include="..\eufe\Structure.cpp">
      <Filter>Source Files</Filter>
    </ClCompile>
    <ClCompile Include="..\eufe\ThirdParty\sqlite3.c">
      <Filter>Source Files\ThirdParty</Filter>
    </ClCompile>
    <ClCompile Include="..\eufe\Decoder.cpp">
      <Filter>Source Files</Filter>
    </ClCompile>
    <ClCompile Include="..\eufe\EffectNaniteRepairPasteArmorDamageBonus.cpp">
      <Filter>Source Files</Filter>
    </ClCompile>
    <ClCompile Include="..\eufe\Encoder.cpp">
      <Filter>Source Files</Filter>
    </ClCompile>
  </ItemGroup>
  <ItemGroup>
    <Text Include="ReadMe.txt" />
  </ItemGroup>
</Project>