<?xml version="1.0" encoding="utf-8"?>
<Project ToolsVersion="4.0" xmlns="http://schemas.microsoft.com/developer/msbuild/2003">
  <ItemGroup>
    <Filter Include="Header Files">
      <UniqueIdentifier>{abf5f75c-10e5-47c3-b547-05f2506d0840}</UniqueIdentifier>
    </Filter>
    <Filter Include="Header Files\Compiler">
      <UniqueIdentifier>{22f1690d-d14e-4a49-b9b3-4e0b1dfe3ff9}</UniqueIdentifier>
    </Filter>
    <Filter Include="Header Files\ThirdParty">
      <UniqueIdentifier>{7ff5ba68-7d89-417e-8ae7-1da34b1f4e32}</UniqueIdentifier>
    </Filter>
    <Filter Include="Source Files">
      <UniqueIdentifier>{7c49781b-3c8c-42a4-95af-14c38427ba68}</UniqueIdentifier>
    </Filter>
    <Filter Include="Source Files\Compiler">
      <UniqueIdentifier>{3e4cf25f-e735-49ad-8713-d311954b0b75}</UniqueIdentifier>
    </Filter>
    <Filter Include="Source Files\ThirdParty">
      <UniqueIdentifier>{4f7bd57a-b181-4ee2-95a9-06bb33ed4112}</UniqueIdentifier>
    </Filter>
    <Filter Include="Resource Files">
      <UniqueIdentifier>{67DA6AB6-F800-4c08-8B7A-83BB121AAD01}</UniqueIdentifier>
      <Extensions>rc;ico;cur;bmp;dlg;rc2;rct;bin;rgs;gif;jpg;jpeg;jpe;resx;tiff;tif;png;wav</Extensions>
    </Filter>
  </ItemGroup>
  <ItemGroup>
    <ClInclude Include="..\eufe\Area.h">
      <Filter>Header Files</Filter>
    </ClInclude>
    <ClInclude Include="..\eufe\Attribute.h">
      <Filter>Header Files</Filter>
    </ClInclude>
    <ClInclude Include="..\eufe\Blob.h">
      <Filter>Header Files</Filter>
    </ClInclude>
    <ClInclude Include="..\eufe\Booster.h">
      <Filter>Header Files</Filter>
    </ClInclude>
    <ClInclude Include="..\eufe\CapacitorSimulator.h">
      <Filter>Header Files</Filter>
    </ClInclude>
    <ClInclude Include="..\eufe\Character.h">
      <Filter>Header Files</Filter>
    </ClInclude>
    <ClInclude Include="..\eufe\Charge.h">
      <Filter>Header Files</Filter>
    </ClInclude>
    <ClInclude Include="..\eufe\ControlTower.h">
      <Filter>Header Files</Filter>
    </ClInclude>
    <ClInclude Include="..\eufe\DamagePattern.h">
      <Filter>Header Files</Filter>
    </ClInclude>
    <ClInclude Include="..\eufe\Drone.h">
      <Filter>Header Files</Filter>
    </ClInclude>
    <ClInclude Include="..\eufe\Effect.h">
      <Filter>Header Files</Filter>
    </ClInclude>
    <ClInclude Include="..\eufe\EffectAdaptiveArmorHardener.h">
      <Filter>Header Files</Filter>
    </ClInclude>
    <ClInclude Include="..\eufe\EffectArmorRepairInterpreter.h">
      <Filter>Header Files</Filter>
    </ClInclude>
    <ClInclude Include="..\eufe\EffectByteCodeInterpreter.h">
      <Filter>Header Files</Filter>
    </ClInclude>
    <ClInclude Include="..\eufe\EffectEnergyDestabilizationNewInterpreter.h">
      <Filter>Header Files</Filter>
    </ClInclude>
    <ClInclude Include="..\eufe\EffectEnergyTransferInterpreter.h">
      <Filter>Header Files</Filter>
    </ClInclude>
    <ClInclude Include="..\eufe\EffectHardPointModifierEffectInterpreter.h">
      <Filter>Header Files</Filter>
    </ClInclude>
    <ClInclude Include="..\eufe\EffectHullRepairInterpreter.h">
      <Filter>Header Files</Filter>
    </ClInclude>
    <ClInclude Include="..\eufe\EffectInterpreter.h">
      <Filter>Header Files</Filter>
    </ClInclude>
    <ClInclude Include="..\eufe\EffectLeechInterpreter.h">
      <Filter>Header Files</Filter>
    </ClInclude>
    <ClInclude Include="..\eufe\EffectShieldBoostingInterpreter.h">
      <Filter>Header Files</Filter>
    </ClInclude>
    <ClInclude Include="..\eufe\EffectSlotModifierInterpreter.h">
      <Filter>Header Files</Filter>
    </ClInclude>
    <ClInclude Include="..\eufe\Engine.h">
      <Filter>Header Files</Filter>
    </ClInclude>
    <ClInclude Include="..\eufe\eufe.h">
      <Filter>Header Files</Filter>
    </ClInclude>
    <ClInclude Include="..\eufe\FetchResult.h">
      <Filter>Header Files</Filter>
    </ClInclude>
    <ClInclude Include="..\eufe\Gang.h">
      <Filter>Header Files</Filter>
    </ClInclude>
    <ClInclude Include="..\eufe\HeatSimulator.h">
      <Filter>Header Files</Filter>
    </ClInclude>
    <ClInclude Include="..\eufe\Implant.h">
      <Filter>Header Files</Filter>
    </ClInclude>
    <ClInclude Include="..\eufe\Item.h">
      <Filter>Header Files</Filter>
    </ClInclude>
    <ClInclude Include="..\eufe\LocationGroupModifier.h">
      <Filter>Header Files</Filter>
    </ClInclude>
    <ClInclude Include="..\eufe\LocationRequiredSkillModifier.h">
      <Filter>Header Files</Filter>
    </ClInclude>
    <ClInclude Include="..\eufe\Modifier.h">
      <Filter>Header Files</Filter>
    </ClInclude>
    <ClInclude Include="..\eufe\Module.h">
      <Filter>Header Files</Filter>
    </ClInclude>
    <ClInclude Include="..\eufe\Mutex.h">
      <Filter>Header Files</Filter>
    </ClInclude>
    <ClInclude Include="..\eufe\Ship.h">
      <Filter>Header Files</Filter>
    </ClInclude>
    <ClInclude Include="..\eufe\Skill.h">
      <Filter>Header Files</Filter>
    </ClInclude>
    <ClInclude Include="..\eufe\SqlConnector.h">
      <Filter>Header Files</Filter>
    </ClInclude>
    <ClInclude Include="..\eufe\SqliteConnector.h">
      <Filter>Header Files</Filter>
    </ClInclude>
    <ClInclude Include="..\eufe\SqliteFetchResult.h">
      <Filter>Header Files</Filter>
    </ClInclude>
    <ClInclude Include="..\eufe\Structure.h">
      <Filter>Header Files</Filter>
    </ClInclude>
    <ClInclude Include="..\eufe\types.h">
      <Filter>Header Files</Filter>
    </ClInclude>
    <ClInclude Include="..\eufe\Compiler.h">
      <Filter>Header Files\Compiler</Filter>
    </ClInclude>
    <ClInclude Include="..\eufe\ThirdParty\sqlite3.h">
      <Filter>Header Files\ThirdParty</Filter>
    </ClInclude>
    <ClInclude Include="..\eufe\ThirdParty\sqlite3ext.h">
      <Filter>Header Files\ThirdParty</Filter>
    </ClInclude>
    <ClInclude Include="..\eufe\EffectNaniteRepairPasteArmorDamageBonus.h">
      <Filter>Header Files</Filter>
    </ClInclude>
  </ItemGroup>
  <ItemGroup>
    <ClCompile Include="..\eufe\Area.cpp">
      <Filter>Source Files</Filter>
    </ClCompile>
    <ClCompile Include="..\eufe\Attribute.cpp">
      <Filter>Source Files</Filter>
    </ClCompile>
    <ClCompile Include="..\eufe\Blob.cpp">
      <Filter>Source Files</Filter>
    </ClCompile>
    <ClCompile Include="..\eufe\Booster.cpp">
      <Filter>Source Files</Filter>
    </ClCompile>
    <ClCompile Include="..\eufe\CapacitorSimulator.cpp">
      <Filter>Source Files</Filter>
    </ClCompile>
    <ClCompile Include="..\eufe\Character.cpp">
      <Filter>Source Files</Filter>
    </ClCompile>
    <ClCompile Include="..\eufe\Charge.cpp">
      <Filter>Source Files</Filter>
    </ClCompile>
    <ClCompile Include="..\eufe\ControlTower.cpp">
      <Filter>Source Files</Filter>
    </ClCompile>
    <ClCompile Include="..\eufe\DamagePattern.cpp">
      <Filter>Source Files</Filter>
    </ClCompile>
    <ClCompile Include="..\eufe\Drone.cpp">
      <Filter>Source Files</Filter>
    </ClCompile>
    <ClCompile Include="..\eufe\Effect.cpp">
      <Filter>Source Files</Filter>
    </ClCompile>
    <ClCompile Include="..\eufe\EffectAdaptiveArmorHardener.cpp">
      <Filter>Source Files</Filter>
    </ClCompile>
    <ClCompile Include="..\eufe\EffectArmorRepairInterpreter.cpp">
      <Filter>Source Files</Filter>
    </ClCompile>
    <ClCompile Include="..\eufe\EffectByteCodeInterpreter.cpp">
      <Filter>Source Files</Filter>
    </ClCompile>
    <ClCompile Include="..\eufe\EffectEnergyDestabilizationNewInterpreter.cpp">
      <Filter>Source Files</Filter>
    </ClCompile>
    <ClCompile Include="..\eufe\EffectEnergyTransferInterpreter.cpp">
      <Filter>Source Files</Filter>
    </ClCompile>
    <ClCompile Include="..\eufe\EffectHardPointModifierEffectInterpreter.cpp">
      <Filter>Source Files</Filter>
    </ClCompile>
    <ClCompile Include="..\eufe\EffectHullRepairInterpreter.cpp">
      <Filter>Source Files</Filter>
    </ClCompile>
    <ClCompile Include="..\eufe\EffectLeechInterpreter.cpp">
      <Filter>Source Files</Filter>
    </ClCompile>
    <ClCompile Include="..\eufe\EffectShieldBoostingInterpreter.cpp">
      <Filter>Source Files</Filter>
    </ClCompile>
    <ClCompile Include="..\eufe\EffectSlotModifierInterpreter.cpp">
      <Filter>Source Files</Filter>
    </ClCompile>
    <ClCompile Include="..\eufe\Engine.cpp">
      <Filter>Source Files</Filter>
    </ClCompile>
    <ClCompile Include="..\eufe\FetchResult.cpp">
      <Filter>Source Files</Filter>
    </ClCompile>
    <ClCompile Include="..\eufe\Gang.cpp">
      <Filter>Source Files</Filter>
    </ClCompile>
    <ClCompile Include="..\eufe\HeatSimulator.cpp">
      <Filter>Source Files</Filter>
    </ClCompile>
    <ClCompile Include="..\eufe\Implant.cpp">
      <Filter>Source Files</Filter>
    </ClCompile>
    <ClCompile Include="..\eufe\Item.cpp">
      <Filter>Source Files</Filter>
    </ClCompile>
    <ClCompile Include="..\eufe\LocationGroupModifier.cpp">
      <Filter>Source Files</Filter>
    </ClCompile>
    <ClCompile Include="..\eufe\LocationRequiredSkillModifier.cpp">
      <Filter>Source Files</Filter>
    </ClCompile>
    <ClCompile Include="..\eufe\Modifier.cpp">
      <Filter>Source Files</Filter>
    </ClCompile>
    <ClCompile Include="..\eufe\Module.cpp">
      <Filter>Source Files</Filter>
    </ClCompile>
    <ClCompile Include="..\eufe\Mutex.cpp">
      <Filter>Source Files</Filter>
    </ClCompile>
    <ClCompile Include="..\eufe\Ship.cpp">
      <Filter>Source Files</Filter>
    </ClCompile>
    <ClCompile Include="..\eufe\Skill.cpp">
      <Filter>Source Files</Filter>
    </ClCompile>
    <ClCompile Include="..\eufe\SqlConnector.cpp">
      <Filter>Source Files</Filter>
    </ClCompile>
    <ClCompile Include="..\eufe\SqliteConnector.cpp">
      <Filter>Source Files</Filter>
    </ClCompile>
    <ClCompile Include="..\eufe\SqliteFetchResult.cpp">
      <Filter>Source Files</Filter>
    </ClCompile>
    <ClCompile Include="..\eufe\Structure.cpp">
      <Filter>Source Files</Filter>
    </ClCompile>
    <ClCompile Include="..\eufe\Compiler.cpp">
      <Filter>Source Files\Compiler</Filter>
    </ClCompile>
    <ClCompile Include="..\eufe\ThirdParty\sqlite3.c">
      <Filter>Source Files\ThirdParty</Filter>
    </ClCompile>
    <ClCompile Include="..\eufe\EffectNaniteRepairPasteArmorDamageBonus.cpp">
      <Filter>Source Files</Filter>
    </ClCompile>
  </ItemGroup>
  <ItemGroup>
    <Text Include="ReadMe.txt" />
  </ItemGroup>
</Project>