// !$*UTF8*$!
{
	archiveVersion = 1;
	classes = {
	};
	objectVersion = 46;
	objects = {

/* Begin PBXBuildFile section */
		122E116F1FE7FB760057EB0D /* Dgmpp.framework in Frameworks */ = {isa = PBXBuildFile; fileRef = 12BE89001FE17D9300854893 /* Dgmpp.framework */; };
		1246C465203C2D28000E0406 /* main.cpp in Sources */ = {isa = PBXBuildFile; fileRef = 12DBEAA71E1D3B0E0088A486 /* main.cpp */; };
		1248DB3F1F1DE90E009625EC /* QuartzCore.framework in Frameworks */ = {isa = PBXBuildFile; fileRef = 1248DB3E1F1DE90E009625EC /* QuartzCore.framework */; };
		1285E8CB201B300100AAC231 /* cwrapper.framework in Frameworks */ = {isa = PBXBuildFile; fileRef = 1285E8CC201B300100AAC231 /* cwrapper.framework */; };
		12BE88E01FE17B0F00854893 /* WarfareBuff.cpp in Sources */ = {isa = PBXBuildFile; fileRef = 12BE888B1FE17B0F00854893 /* WarfareBuff.cpp */; };
		12BE88E11FE17B0F00854893 /* Gang.cpp in Sources */ = {isa = PBXBuildFile; fileRef = 12BE888E1FE17B0F00854893 /* Gang.cpp */; };
		12BE88E21FE17B0F00854893 /* Facility.cpp in Sources */ = {isa = PBXBuildFile; fileRef = 12BE88941FE17B0F00854893 /* Facility.cpp */; };
		12BE88E31FE17B0F00854893 /* ExtractorControlUnit.cpp in Sources */ = {isa = PBXBuildFile; fileRef = 12BE88951FE17B0F00854893 /* ExtractorControlUnit.cpp */; };
		12BE88E41FE17B0F00854893 /* Implant.cpp in Sources */ = {isa = PBXBuildFile; fileRef = 12BE88991FE17B0F00854893 /* Implant.cpp */; };
		12BE88E51FE17B0F00854893 /* SDE.cpp in Sources */ = {isa = PBXBuildFile; fileRef = 12BE889C1FE17B0F00854893 /* SDE.cpp */; };
		12BE88E61FE17B0F00854893 /* Structure.cpp in Sources */ = {isa = PBXBuildFile; fileRef = 12BE889D1FE17B0F00854893 /* Structure.cpp */; };
		12BE88E71FE17B0F00854893 /* Character.cpp in Sources */ = {isa = PBXBuildFile; fileRef = 12BE889E1FE17B0F00854893 /* Character.cpp */; };
		12BE88E81FE17B0F00854893 /* Module.cpp in Sources */ = {isa = PBXBuildFile; fileRef = 12BE889F1FE17B0F00854893 /* Module.cpp */; };
		12BE88E91FE17B0F00854893 /* Modifier.cpp in Sources */ = {isa = PBXBuildFile; fileRef = 12BE88A01FE17B0F00854893 /* Modifier.cpp */; };
		12BE88EA1FE17B0F00854893 /* Capacitor.cpp in Sources */ = {isa = PBXBuildFile; fileRef = 12BE88A61FE17B0F00854893 /* Capacitor.cpp */; };
		12BE88EB1FE17B0F00854893 /* Drone.cpp in Sources */ = {isa = PBXBuildFile; fileRef = 12BE88A81FE17B0F00854893 /* Drone.cpp */; };
		12BE88EC1FE17B0F00854893 /* Storage.cpp in Sources */ = {isa = PBXBuildFile; fileRef = 12BE88A91FE17B0F00854893 /* Storage.cpp */; };
		12BE88ED1FE17B0F00854893 /* Commodity.cpp in Sources */ = {isa = PBXBuildFile; fileRef = 12BE88AB1FE17B0F00854893 /* Commodity.cpp */; };
		12BE88EE1FE17B0F00854893 /* Route.cpp in Sources */ = {isa = PBXBuildFile; fileRef = 12BE88AD1FE17B0F00854893 /* Route.cpp */; };
		12BE88EF1FE17B0F00854893 /* Booster.cpp in Sources */ = {isa = PBXBuildFile; fileRef = 12BE88B31FE17B0F00854893 /* Booster.cpp */; };
		12BE88F01FE17B0F00854893 /* ProductionState.cpp in Sources */ = {isa = PBXBuildFile; fileRef = 12BE88B41FE17B0F00854893 /* ProductionState.cpp */; };
		12BE88F11FE17B0F00854893 /* Effect.cpp in Sources */ = {isa = PBXBuildFile; fileRef = 12BE88B51FE17B0F00854893 /* Effect.cpp */; };
		12BE88F21FE17B0F00854893 /* HeatSimulator.cpp in Sources */ = {isa = PBXBuildFile; fileRef = 12BE88B71FE17B0F00854893 /* HeatSimulator.cpp */; };
		12BE88F31FE17B0F00854893 /* Attribute.cpp in Sources */ = {isa = PBXBuildFile; fileRef = 12BE88CC1FE17B0F00854893 /* Attribute.cpp */; };
		12BE88F41FE17B0F00854893 /* Skill.cpp in Sources */ = {isa = PBXBuildFile; fileRef = 12BE88CD1FE17B0F00854893 /* Skill.cpp */; };
		12BE88F51FE17B0F00854893 /* Factory.cpp in Sources */ = {isa = PBXBuildFile; fileRef = 12BE88D11FE17B0F00854893 /* Factory.cpp */; };
		12BE88F61FE17B0F00854893 /* Area.cpp in Sources */ = {isa = PBXBuildFile; fileRef = 12BE88D21FE17B0F00854893 /* Area.cpp */; };
		12BE88F71FE17B0F00854893 /* Spaceport.cpp in Sources */ = {isa = PBXBuildFile; fileRef = 12BE88D31FE17B0F00854893 /* Spaceport.cpp */; };
		12BE88F81FE17B0F00854893 /* ProductionCycle.cpp in Sources */ = {isa = PBXBuildFile; fileRef = 12BE88D51FE17B0F00854893 /* ProductionCycle.cpp */; };
		12BE88F91FE17B0F00854893 /* Charge.cpp in Sources */ = {isa = PBXBuildFile; fileRef = 12BE88D81FE17B0F00854893 /* Charge.cpp */; };
		12BE88FA1FE17B0F00854893 /* Ship.cpp in Sources */ = {isa = PBXBuildFile; fileRef = 12BE88DB1FE17B0F00854893 /* Ship.cpp */; };
		12BE88FB1FE17B0F00854893 /* Type.cpp in Sources */ = {isa = PBXBuildFile; fileRef = 12BE88DC1FE17B0F00854893 /* Type.cpp */; };
		12BE88FC1FE17B0F00854893 /* CommandCenter.cpp in Sources */ = {isa = PBXBuildFile; fileRef = 12BE88DD1FE17B0F00854893 /* CommandCenter.cpp */; };
		12BE88FD1FE17B0F00854893 /* Planet.cpp in Sources */ = {isa = PBXBuildFile; fileRef = 12BE88DE1FE17B0F00854893 /* Planet.cpp */; };
/* End PBXBuildFile section */

/* Begin PBXCopyFilesBuildPhase section */
		12DBEA951E1D3AEA0088A486 /* CopyFiles */ = {
			isa = PBXCopyFilesBuildPhase;
			buildActionMask = 12;
			dstPath = "";
			dstSubfolderSpec = 6;
			files = (
			);
			runOnlyForDeploymentPostprocessing = 0;
		};
/* End PBXCopyFilesBuildPhase section */

/* Begin PBXFileReference section */
		1248DB3E1F1DE90E009625EC /* QuartzCore.framework */ = {isa = PBXFileReference; lastKnownFileType = wrapper.framework; name = QuartzCore.framework; path = System/Library/Frameworks/QuartzCore.framework; sourceTree = SDKROOT; };
		12791C9F1F9F843600577188 /* libsqlite3.tbd */ = {isa = PBXFileReference; lastKnownFileType = "sourcecode.text-based-dylib-definition"; name = libsqlite3.tbd; path = usr/lib/libsqlite3.tbd; sourceTree = SDKROOT; };
		1285E8CC201B300100AAC231 /* cwrapper.framework */ = {isa = PBXFileReference; explicitFileType = wrapper.framework; path = cwrapper.framework; sourceTree = BUILT_PRODUCTS_DIR; };
		128AA29E1FE0248600AD4ED3 /* main.swift */ = {isa = PBXFileReference; lastKnownFileType = sourcecode.swift; path = main.swift; sourceTree = "<group>"; };
		128AA2A41FE02A1500AD4ED3 /* Dgm.framework */ = {isa = PBXFileReference; explicitFileType = wrapper.framework; path = Dgm.framework; sourceTree = BUILT_PRODUCTS_DIR; };
		12BE888B1FE17B0F00854893 /* WarfareBuff.cpp */ = {isa = PBXFileReference; fileEncoding = 4; lastKnownFileType = sourcecode.cpp.cpp; path = WarfareBuff.cpp; sourceTree = "<group>"; };
		12BE888C1FE17B0F00854893 /* Errors.hpp */ = {isa = PBXFileReference; fileEncoding = 4; lastKnownFileType = sourcecode.cpp.h; path = Errors.hpp; sourceTree = "<group>"; };
		12BE888D1FE17B0F00854893 /* Factory.hpp */ = {isa = PBXFileReference; fileEncoding = 4; lastKnownFileType = sourcecode.cpp.h; path = Factory.hpp; sourceTree = "<group>"; };
		12BE888E1FE17B0F00854893 /* Gang.cpp */ = {isa = PBXFileReference; fileEncoding = 4; lastKnownFileType = sourcecode.cpp.cpp; path = Gang.cpp; sourceTree = "<group>"; };
		12BE888F1FE17B0F00854893 /* Spaceport.hpp */ = {isa = PBXFileReference; fileEncoding = 4; lastKnownFileType = sourcecode.cpp.h; path = Spaceport.hpp; sourceTree = "<group>"; };
		12BE88901FE17B0F00854893 /* ProductionCycle.hpp */ = {isa = PBXFileReference; fileEncoding = 4; lastKnownFileType = sourcecode.cpp.h; path = ProductionCycle.hpp; sourceTree = "<group>"; };
		12BE88911FE17B0F00854893 /* Area.hpp */ = {isa = PBXFileReference; fileEncoding = 4; lastKnownFileType = sourcecode.cpp.h; path = Area.hpp; sourceTree = "<group>"; };
		12BE88921FE17B0F00854893 /* Charge.hpp */ = {isa = PBXFileReference; fileEncoding = 4; lastKnownFileType = sourcecode.cpp.h; path = Charge.hpp; sourceTree = "<group>"; };
		12BE88931FE17B0F00854893 /* Utility.hpp */ = {isa = PBXFileReference; fileEncoding = 4; lastKnownFileType = sourcecode.cpp.h; path = Utility.hpp; sourceTree = "<group>"; };
		12BE88941FE17B0F00854893 /* Facility.cpp */ = {isa = PBXFileReference; fileEncoding = 4; lastKnownFileType = sourcecode.cpp.cpp; path = Facility.cpp; sourceTree = "<group>"; };
		12BE88951FE17B0F00854893 /* ExtractorControlUnit.cpp */ = {isa = PBXFileReference; fileEncoding = 4; lastKnownFileType = sourcecode.cpp.cpp; path = ExtractorControlUnit.cpp; sourceTree = "<group>"; };
		12BE88961FE17B0F00854893 /* DamageVector.hpp */ = {isa = PBXFileReference; fileEncoding = 4; lastKnownFileType = sourcecode.cpp.h; path = DamageVector.hpp; sourceTree = "<group>"; };
		12BE88971FE17B0F00854893 /* Ship.hpp */ = {isa = PBXFileReference; fileEncoding = 4; lastKnownFileType = sourcecode.cpp.h; path = Ship.hpp; sourceTree = "<group>"; };
		12BE88981FE17B0F00854893 /* Type.hpp */ = {isa = PBXFileReference; fileEncoding = 4; lastKnownFileType = sourcecode.cpp.h; path = Type.hpp; sourceTree = "<group>"; };
		12BE88991FE17B0F00854893 /* Implant.cpp */ = {isa = PBXFileReference; fileEncoding = 4; lastKnownFileType = sourcecode.cpp.cpp; path = Implant.cpp; sourceTree = "<group>"; };
		12BE889A1FE17B0F00854893 /* CommandCenter.hpp */ = {isa = PBXFileReference; fileEncoding = 4; lastKnownFileType = sourcecode.cpp.h; path = CommandCenter.hpp; sourceTree = "<group>"; };
		12BE889B1FE17B0F00854893 /* Planet.hpp */ = {isa = PBXFileReference; fileEncoding = 4; lastKnownFileType = sourcecode.cpp.h; path = Planet.hpp; sourceTree = "<group>"; };
		12BE889C1FE17B0F00854893 /* SDE.cpp */ = {isa = PBXFileReference; fileEncoding = 4; lastKnownFileType = sourcecode.cpp.cpp; path = SDE.cpp; sourceTree = "<group>"; };
		12BE889D1FE17B0F00854893 /* Structure.cpp */ = {isa = PBXFileReference; fileEncoding = 4; lastKnownFileType = sourcecode.cpp.cpp; path = Structure.cpp; sourceTree = "<group>"; };
		12BE889E1FE17B0F00854893 /* Character.cpp */ = {isa = PBXFileReference; fileEncoding = 4; lastKnownFileType = sourcecode.cpp.cpp; path = Character.cpp; sourceTree = "<group>"; };
		12BE889F1FE17B0F00854893 /* Module.cpp */ = {isa = PBXFileReference; fileEncoding = 4; lastKnownFileType = sourcecode.cpp.cpp; path = Module.cpp; sourceTree = "<group>"; };
		12BE88A01FE17B0F00854893 /* Modifier.cpp */ = {isa = PBXFileReference; fileEncoding = 4; lastKnownFileType = sourcecode.cpp.cpp; path = Modifier.cpp; sourceTree = "<group>"; };
		12BE88A11FE17B0F00854893 /* Booster.hpp */ = {isa = PBXFileReference; fileEncoding = 4; lastKnownFileType = sourcecode.cpp.h; path = Booster.hpp; sourceTree = "<group>"; };
		12BE88A21FE17B0F00854893 /* ProductionState.hpp */ = {isa = PBXFileReference; fileEncoding = 4; lastKnownFileType = sourcecode.cpp.h; path = ProductionState.hpp; sourceTree = "<group>"; };
		12BE88A31FE17B0F00854893 /* dgmpp.hpp */ = {isa = PBXFileReference; fileEncoding = 4; lastKnownFileType = sourcecode.cpp.h; path = dgmpp.hpp; sourceTree = "<group>"; };
		12BE88A41FE17B0F00854893 /* Effect.hpp */ = {isa = PBXFileReference; fileEncoding = 4; lastKnownFileType = sourcecode.cpp.h; path = Effect.hpp; sourceTree = "<group>"; };
		12BE88A51FE17B0F00854893 /* HitPoints.hpp */ = {isa = PBXFileReference; fileEncoding = 4; lastKnownFileType = sourcecode.cpp.h; path = HitPoints.hpp; sourceTree = "<group>"; };
		12BE88A61FE17B0F00854893 /* Capacitor.cpp */ = {isa = PBXFileReference; fileEncoding = 4; lastKnownFileType = sourcecode.cpp.cpp; path = Capacitor.cpp; sourceTree = "<group>"; };
		12BE88A71FE17B0F00854893 /* HeatSimulator.hpp */ = {isa = PBXFileReference; fileEncoding = 4; lastKnownFileType = sourcecode.cpp.h; path = HeatSimulator.hpp; sourceTree = "<group>"; };
		12BE88A81FE17B0F00854893 /* Drone.cpp */ = {isa = PBXFileReference; fileEncoding = 4; lastKnownFileType = sourcecode.cpp.cpp; path = Drone.cpp; sourceTree = "<group>"; };
		12BE88A91FE17B0F00854893 /* Storage.cpp */ = {isa = PBXFileReference; fileEncoding = 4; lastKnownFileType = sourcecode.cpp.cpp; path = Storage.cpp; sourceTree = "<group>"; };
		12BE88AA1FE17B0F00854893 /* Attribute.hpp */ = {isa = PBXFileReference; fileEncoding = 4; lastKnownFileType = sourcecode.cpp.h; path = Attribute.hpp; sourceTree = "<group>"; };
		12BE88AB1FE17B0F00854893 /* Commodity.cpp */ = {isa = PBXFileReference; fileEncoding = 4; lastKnownFileType = sourcecode.cpp.cpp; path = Commodity.cpp; sourceTree = "<group>"; };
		12BE88AC1FE17B0F00854893 /* Skill.hpp */ = {isa = PBXFileReference; fileEncoding = 4; lastKnownFileType = sourcecode.cpp.h; path = Skill.hpp; sourceTree = "<group>"; };
		12BE88AD1FE17B0F00854893 /* Route.cpp */ = {isa = PBXFileReference; fileEncoding = 4; lastKnownFileType = sourcecode.cpp.cpp; path = Route.cpp; sourceTree = "<group>"; };
		12BE88AE1FE17B0F00854893 /* Structure.hpp */ = {isa = PBXFileReference; fileEncoding = 4; lastKnownFileType = sourcecode.cpp.h; path = Structure.hpp; sourceTree = "<group>"; };
		12BE88AF1FE17B0F00854893 /* Module.hpp */ = {isa = PBXFileReference; fileEncoding = 4; lastKnownFileType = sourcecode.cpp.h; path = Module.hpp; sourceTree = "<group>"; };
		12BE88B01FE17B0F00854893 /* Character.hpp */ = {isa = PBXFileReference; fileEncoding = 4; lastKnownFileType = sourcecode.cpp.h; path = Character.hpp; sourceTree = "<group>"; };
		12BE88B11FE17B0F00854893 /* SDE.hpp */ = {isa = PBXFileReference; fileEncoding = 4; lastKnownFileType = sourcecode.cpp.h; path = SDE.hpp; sourceTree = "<group>"; };
		12BE88B21FE17B0F00854893 /* Modifier.hpp */ = {isa = PBXFileReference; fileEncoding = 4; lastKnownFileType = sourcecode.cpp.h; path = Modifier.hpp; sourceTree = "<group>"; };
		12BE88B31FE17B0F00854893 /* Booster.cpp */ = {isa = PBXFileReference; fileEncoding = 4; lastKnownFileType = sourcecode.cpp.cpp; path = Booster.cpp; sourceTree = "<group>"; };
		12BE88B41FE17B0F00854893 /* ProductionState.cpp */ = {isa = PBXFileReference; fileEncoding = 4; lastKnownFileType = sourcecode.cpp.cpp; path = ProductionState.cpp; sourceTree = "<group>"; };
		12BE88B51FE17B0F00854893 /* Effect.cpp */ = {isa = PBXFileReference; fileEncoding = 4; lastKnownFileType = sourcecode.cpp.cpp; path = Effect.cpp; sourceTree = "<group>"; };
		12BE88B61FE17B0F00854893 /* Capacitor.hpp */ = {isa = PBXFileReference; fileEncoding = 4; lastKnownFileType = sourcecode.cpp.h; path = Capacitor.hpp; sourceTree = "<group>"; };
		12BE88B71FE17B0F00854893 /* HeatSimulator.cpp */ = {isa = PBXFileReference; fileEncoding = 4; lastKnownFileType = sourcecode.cpp.cpp; path = HeatSimulator.cpp; sourceTree = "<group>"; };
		12BE88B91FE17B0F00854893 /* Facilities.hpp */ = {isa = PBXFileReference; fileEncoding = 4; lastKnownFileType = sourcecode.cpp.h; path = Facilities.hpp; sourceTree = "<group>"; };
		12BE88BA1FE17B0F00854893 /* AttributeID.hpp */ = {isa = PBXFileReference; fileEncoding = 4; lastKnownFileType = sourcecode.cpp.h; path = AttributeID.hpp; sourceTree = "<group>"; };
		12BE88BB1FE17B0F00854893 /* Attributes.hpp */ = {isa = PBXFileReference; fileEncoding = 4; lastKnownFileType = sourcecode.cpp.h; path = Attributes.hpp; sourceTree = "<group>"; };
		12BE88BC1FE17B0F00854893 /* Commodities.hpp */ = {isa = PBXFileReference; fileEncoding = 4; lastKnownFileType = sourcecode.cpp.h; path = Commodities.hpp; sourceTree = "<group>"; };
		12BE88BD1FE17B0F00854893 /* CategoryID.hpp */ = {isa = PBXFileReference; fileEncoding = 4; lastKnownFileType = sourcecode.cpp.h; path = CategoryID.hpp; sourceTree = "<group>"; };
		12BE88BE1FE17B0F00854893 /* Schematics.hpp */ = {isa = PBXFileReference; fileEncoding = 4; lastKnownFileType = sourcecode.cpp.h; path = Schematics.hpp; sourceTree = "<group>"; };
		12BE88BF1FE17B0F00854893 /* GroupID.hpp */ = {isa = PBXFileReference; fileEncoding = 4; lastKnownFileType = sourcecode.cpp.h; path = GroupID.hpp; sourceTree = "<group>"; };
		12BE88C01FE17B0F00854893 /* WarfareBuffID.hpp */ = {isa = PBXFileReference; fileEncoding = 4; lastKnownFileType = sourcecode.cpp.h; path = WarfareBuffID.hpp; sourceTree = "<group>"; };
		12BE88C11FE17B0F00854893 /* EffectID.hpp */ = {isa = PBXFileReference; fileEncoding = 4; lastKnownFileType = sourcecode.cpp.h; path = EffectID.hpp; sourceTree = "<group>"; };
		12BE88C21FE17B0F00854893 /* TypeID.hpp */ = {isa = PBXFileReference; fileEncoding = 4; lastKnownFileType = sourcecode.cpp.h; path = TypeID.hpp; sourceTree = "<group>"; };
		12BE88C31FE17B0F00854893 /* WarfareBuffs.hpp */ = {isa = PBXFileReference; fileEncoding = 4; lastKnownFileType = sourcecode.cpp.h; path = WarfareBuffs.hpp; sourceTree = "<group>"; };
		12BE88C41FE17B0F00854893 /* SchematicID.hpp */ = {isa = PBXFileReference; fileEncoding = 4; lastKnownFileType = sourcecode.cpp.h; path = SchematicID.hpp; sourceTree = "<group>"; };
		12BE88C51FE17B0F00854893 /* Effects.hpp */ = {isa = PBXFileReference; fileEncoding = 4; lastKnownFileType = sourcecode.cpp.h; path = Effects.hpp; sourceTree = "<group>"; };
		12BE88C61FE17B0F00854893 /* Modifiers.hpp */ = {isa = PBXFileReference; fileEncoding = 4; lastKnownFileType = sourcecode.cpp.h; path = Modifiers.hpp; sourceTree = "<group>"; };
		12BE88C71FE17B0F00854893 /* Types.hpp */ = {isa = PBXFileReference; fileEncoding = 4; lastKnownFileType = sourcecode.cpp.h; path = Types.hpp; sourceTree = "<group>"; };
		12BE88C81FE17B0F00854893 /* Skills.hpp */ = {isa = PBXFileReference; fileEncoding = 4; lastKnownFileType = sourcecode.cpp.h; path = Skills.hpp; sourceTree = "<group>"; };
		12BE88C91FE17B0F00854893 /* Drone.hpp */ = {isa = PBXFileReference; fileEncoding = 4; lastKnownFileType = sourcecode.cpp.h; path = Drone.hpp; sourceTree = "<group>"; };
		12BE88CA1FE17B0F00854893 /* Commodity.hpp */ = {isa = PBXFileReference; fileEncoding = 4; lastKnownFileType = sourcecode.cpp.h; path = Commodity.hpp; sourceTree = "<group>"; };
		12BE88CB1FE17B0F00854893 /* Storage.hpp */ = {isa = PBXFileReference; fileEncoding = 4; lastKnownFileType = sourcecode.cpp.h; path = Storage.hpp; sourceTree = "<group>"; };
		12BE88CC1FE17B0F00854893 /* Attribute.cpp */ = {isa = PBXFileReference; fileEncoding = 4; lastKnownFileType = sourcecode.cpp.cpp; path = Attribute.cpp; sourceTree = "<group>"; };
		12BE88CD1FE17B0F00854893 /* Skill.cpp */ = {isa = PBXFileReference; fileEncoding = 4; lastKnownFileType = sourcecode.cpp.cpp; path = Skill.cpp; sourceTree = "<group>"; };
		12BE88CE1FE17B0F00854893 /* Rate.hpp */ = {isa = PBXFileReference; fileEncoding = 4; lastKnownFileType = sourcecode.cpp.h; path = Rate.hpp; sourceTree = "<group>"; };
		12BE88CF1FE17B0F00854893 /* Route.hpp */ = {isa = PBXFileReference; fileEncoding = 4; lastKnownFileType = sourcecode.cpp.h; path = Route.hpp; sourceTree = "<group>"; };
		12BE88D01FE17B0F00854893 /* WarfareBuff.hpp */ = {isa = PBXFileReference; fileEncoding = 4; lastKnownFileType = sourcecode.cpp.h; path = WarfareBuff.hpp; sourceTree = "<group>"; };
		12BE88D11FE17B0F00854893 /* Factory.cpp */ = {isa = PBXFileReference; fileEncoding = 4; lastKnownFileType = sourcecode.cpp.cpp; path = Factory.cpp; sourceTree = "<group>"; };
		12BE88D21FE17B0F00854893 /* Area.cpp */ = {isa = PBXFileReference; fileEncoding = 4; lastKnownFileType = sourcecode.cpp.cpp; path = Area.cpp; sourceTree = "<group>"; };
		12BE88D31FE17B0F00854893 /* Spaceport.cpp */ = {isa = PBXFileReference; fileEncoding = 4; lastKnownFileType = sourcecode.cpp.cpp; path = Spaceport.cpp; sourceTree = "<group>"; };
		12BE88D41FE17B0F00854893 /* Gang.hpp */ = {isa = PBXFileReference; fileEncoding = 4; lastKnownFileType = sourcecode.cpp.h; path = Gang.hpp; sourceTree = "<group>"; };
		12BE88D51FE17B0F00854893 /* ProductionCycle.cpp */ = {isa = PBXFileReference; fileEncoding = 4; lastKnownFileType = sourcecode.cpp.cpp; path = ProductionCycle.cpp; sourceTree = "<group>"; };
		12BE88D61FE17B0F00854893 /* MetaInfo.hpp */ = {isa = PBXFileReference; fileEncoding = 4; lastKnownFileType = sourcecode.cpp.h; path = MetaInfo.hpp; sourceTree = "<group>"; };
		12BE88D71FE17B0F00854893 /* Tank.hpp */ = {isa = PBXFileReference; fileEncoding = 4; lastKnownFileType = sourcecode.cpp.h; path = Tank.hpp; sourceTree = "<group>"; };
		12BE88D81FE17B0F00854893 /* Charge.cpp */ = {isa = PBXFileReference; fileEncoding = 4; lastKnownFileType = sourcecode.cpp.cpp; path = Charge.cpp; sourceTree = "<group>"; };
		12BE88D91FE17B0F00854893 /* Facility.hpp */ = {isa = PBXFileReference; fileEncoding = 4; lastKnownFileType = sourcecode.cpp.h; path = Facility.hpp; sourceTree = "<group>"; };
		12BE88DA1FE17B0F00854893 /* ExtractorControlUnit.hpp */ = {isa = PBXFileReference; fileEncoding = 4; lastKnownFileType = sourcecode.cpp.h; path = ExtractorControlUnit.hpp; sourceTree = "<group>"; };
		12BE88DB1FE17B0F00854893 /* Ship.cpp */ = {isa = PBXFileReference; fileEncoding = 4; lastKnownFileType = sourcecode.cpp.cpp; path = Ship.cpp; sourceTree = "<group>"; };
		12BE88DC1FE17B0F00854893 /* Type.cpp */ = {isa = PBXFileReference; fileEncoding = 4; lastKnownFileType = sourcecode.cpp.cpp; path = Type.cpp; sourceTree = "<group>"; };
		12BE88DD1FE17B0F00854893 /* CommandCenter.cpp */ = {isa = PBXFileReference; fileEncoding = 4; lastKnownFileType = sourcecode.cpp.cpp; path = CommandCenter.cpp; sourceTree = "<group>"; };
		12BE88DE1FE17B0F00854893 /* Planet.cpp */ = {isa = PBXFileReference; fileEncoding = 4; lastKnownFileType = sourcecode.cpp.cpp; path = Planet.cpp; sourceTree = "<group>"; };
		12BE88DF1FE17B0F00854893 /* Implant.hpp */ = {isa = PBXFileReference; fileEncoding = 4; lastKnownFileType = sourcecode.cpp.h; path = Implant.hpp; sourceTree = "<group>"; };
		12BE89001FE17D9300854893 /* Dgmpp.framework */ = {isa = PBXFileReference; explicitFileType = wrapper.framework; path = Dgmpp.framework; sourceTree = BUILT_PRODUCTS_DIR; };
		12BE89041FE17DFA00854893 /* Dgmpp.framework */ = {isa = PBXFileReference; explicitFileType = wrapper.framework; path = Dgmpp.framework; sourceTree = BUILT_PRODUCTS_DIR; };
		12DBEA971E1D3AEA0088A486 /* sample */ = {isa = PBXFileReference; explicitFileType = "compiled.mach-o.executable"; includeInIndex = 0; path = sample; sourceTree = BUILT_PRODUCTS_DIR; };
		12DBEAA71E1D3B0E0088A486 /* main.cpp */ = {isa = PBXFileReference; fileEncoding = 4; lastKnownFileType = sourcecode.cpp.cpp; path = main.cpp; sourceTree = "<group>"; };
/* End PBXFileReference section */

/* Begin PBXFrameworksBuildPhase section */
		12DBEA941E1D3AEA0088A486 /* Frameworks */ = {
			isa = PBXFrameworksBuildPhase;
			buildActionMask = 2147483647;
			files = (
				1285E8CB201B300100AAC231 /* cwrapper.framework in Frameworks */,
				122E116F1FE7FB760057EB0D /* Dgmpp.framework in Frameworks */,
				1248DB3F1F1DE90E009625EC /* QuartzCore.framework in Frameworks */,
			);
			runOnlyForDeploymentPostprocessing = 0;
		};
/* End PBXFrameworksBuildPhase section */

/* Begin PBXGroup section */
		12BE888A1FE17B0F00854893 /* src */ = {
			isa = PBXGroup;
			children = (
				12BE888B1FE17B0F00854893 /* WarfareBuff.cpp */,
				12BE888C1FE17B0F00854893 /* Errors.hpp */,
				12BE888D1FE17B0F00854893 /* Factory.hpp */,
				12BE888E1FE17B0F00854893 /* Gang.cpp */,
				12BE888F1FE17B0F00854893 /* Spaceport.hpp */,
				12BE88901FE17B0F00854893 /* ProductionCycle.hpp */,
				12BE88911FE17B0F00854893 /* Area.hpp */,
				12BE88921FE17B0F00854893 /* Charge.hpp */,
				12BE88931FE17B0F00854893 /* Utility.hpp */,
				12BE88941FE17B0F00854893 /* Facility.cpp */,
				12BE88951FE17B0F00854893 /* ExtractorControlUnit.cpp */,
				12BE88961FE17B0F00854893 /* DamageVector.hpp */,
				12BE88971FE17B0F00854893 /* Ship.hpp */,
				12BE88981FE17B0F00854893 /* Type.hpp */,
				12BE88991FE17B0F00854893 /* Implant.cpp */,
				12BE889A1FE17B0F00854893 /* CommandCenter.hpp */,
				12BE889B1FE17B0F00854893 /* Planet.hpp */,
				12BE889C1FE17B0F00854893 /* SDE.cpp */,
				12BE889D1FE17B0F00854893 /* Structure.cpp */,
				12BE889E1FE17B0F00854893 /* Character.cpp */,
				12BE889F1FE17B0F00854893 /* Module.cpp */,
				12BE88A01FE17B0F00854893 /* Modifier.cpp */,
				12BE88A11FE17B0F00854893 /* Booster.hpp */,
				12BE88A21FE17B0F00854893 /* ProductionState.hpp */,
				12BE88A31FE17B0F00854893 /* dgmpp.hpp */,
				12BE88A41FE17B0F00854893 /* Effect.hpp */,
				12BE88A51FE17B0F00854893 /* HitPoints.hpp */,
				12BE88A61FE17B0F00854893 /* Capacitor.cpp */,
				12BE88A71FE17B0F00854893 /* HeatSimulator.hpp */,
				12BE88A81FE17B0F00854893 /* Drone.cpp */,
				12BE88A91FE17B0F00854893 /* Storage.cpp */,
				12BE88AA1FE17B0F00854893 /* Attribute.hpp */,
				12BE88AB1FE17B0F00854893 /* Commodity.cpp */,
				12BE88AC1FE17B0F00854893 /* Skill.hpp */,
				12BE88AD1FE17B0F00854893 /* Route.cpp */,
				12BE88AE1FE17B0F00854893 /* Structure.hpp */,
				12BE88AF1FE17B0F00854893 /* Module.hpp */,
				12BE88B01FE17B0F00854893 /* Character.hpp */,
				12BE88B11FE17B0F00854893 /* SDE.hpp */,
				12BE88B21FE17B0F00854893 /* Modifier.hpp */,
				12BE88B31FE17B0F00854893 /* Booster.cpp */,
				12BE88B41FE17B0F00854893 /* ProductionState.cpp */,
				12BE88B51FE17B0F00854893 /* Effect.cpp */,
				12BE88B61FE17B0F00854893 /* Capacitor.hpp */,
				12BE88B71FE17B0F00854893 /* HeatSimulator.cpp */,
				12BE88B81FE17B0F00854893 /* SDE */,
				12BE88C91FE17B0F00854893 /* Drone.hpp */,
				12BE88CA1FE17B0F00854893 /* Commodity.hpp */,
				12BE88CB1FE17B0F00854893 /* Storage.hpp */,
				12BE88CC1FE17B0F00854893 /* Attribute.cpp */,
				12BE88CD1FE17B0F00854893 /* Skill.cpp */,
				12BE88CE1FE17B0F00854893 /* Rate.hpp */,
				12BE88CF1FE17B0F00854893 /* Route.hpp */,
				12BE88D01FE17B0F00854893 /* WarfareBuff.hpp */,
				12BE88D11FE17B0F00854893 /* Factory.cpp */,
				12BE88D21FE17B0F00854893 /* Area.cpp */,
				12BE88D31FE17B0F00854893 /* Spaceport.cpp */,
				12BE88D41FE17B0F00854893 /* Gang.hpp */,
				12BE88D51FE17B0F00854893 /* ProductionCycle.cpp */,
				12BE88D61FE17B0F00854893 /* MetaInfo.hpp */,
				12BE88D71FE17B0F00854893 /* Tank.hpp */,
				12BE88D81FE17B0F00854893 /* Charge.cpp */,
				12BE88D91FE17B0F00854893 /* Facility.hpp */,
				12BE88DA1FE17B0F00854893 /* ExtractorControlUnit.hpp */,
				12BE88DB1FE17B0F00854893 /* Ship.cpp */,
				12BE88DC1FE17B0F00854893 /* Type.cpp */,
				12BE88DD1FE17B0F00854893 /* CommandCenter.cpp */,
				12BE88DE1FE17B0F00854893 /* Planet.cpp */,
				12BE88DF1FE17B0F00854893 /* Implant.hpp */,
			);
			name = src;
			path = ../src;
			sourceTree = SOURCE_ROOT;
		};
		12BE88B81FE17B0F00854893 /* SDE */ = {
			isa = PBXGroup;
			children = (
				12BE88B91FE17B0F00854893 /* Facilities.hpp */,
				12BE88BA1FE17B0F00854893 /* AttributeID.hpp */,
				12BE88BB1FE17B0F00854893 /* Attributes.hpp */,
				12BE88BC1FE17B0F00854893 /* Commodities.hpp */,
				12BE88BD1FE17B0F00854893 /* CategoryID.hpp */,
				12BE88BE1FE17B0F00854893 /* Schematics.hpp */,
				12BE88BF1FE17B0F00854893 /* GroupID.hpp */,
				12BE88C01FE17B0F00854893 /* WarfareBuffID.hpp */,
				12BE88C11FE17B0F00854893 /* EffectID.hpp */,
				12BE88C21FE17B0F00854893 /* TypeID.hpp */,
				12BE88C31FE17B0F00854893 /* WarfareBuffs.hpp */,
				12BE88C41FE17B0F00854893 /* SchematicID.hpp */,
				12BE88C51FE17B0F00854893 /* Effects.hpp */,
				12BE88C61FE17B0F00854893 /* Modifiers.hpp */,
				12BE88C71FE17B0F00854893 /* Types.hpp */,
				12BE88C81FE17B0F00854893 /* Skills.hpp */,
			);
			path = SDE;
			sourceTree = "<group>";
		};
		12DBEA8E1E1D3AEA0088A486 = {
			isa = PBXGroup;
			children = (
				12DBEA991E1D3AEA0088A486 /* sample */,
				12DBEA981E1D3AEA0088A486 /* Products */,
				12DBEAA91E1D3B160088A486 /* Frameworks */,
			);
			sourceTree = "<group>";
		};
		12DBEA981E1D3AEA0088A486 /* Products */ = {
			isa = PBXGroup;
			children = (
				12DBEA971E1D3AEA0088A486 /* sample */,
			);
			name = Products;
			sourceTree = "<group>";
		};
		12DBEA991E1D3AEA0088A486 /* sample */ = {
			isa = PBXGroup;
			children = (
				12BE888A1FE17B0F00854893 /* src */,
				12DBEAA71E1D3B0E0088A486 /* main.cpp */,
				128AA29E1FE0248600AD4ED3 /* main.swift */,
			);
			path = sample;
			sourceTree = "<group>";
		};
		12DBEAA91E1D3B160088A486 /* Frameworks */ = {
			isa = PBXGroup;
			children = (
				1285E8CC201B300100AAC231 /* cwrapper.framework */,
				12BE89041FE17DFA00854893 /* Dgmpp.framework */,
				12BE89001FE17D9300854893 /* Dgmpp.framework */,
				128AA2A41FE02A1500AD4ED3 /* Dgm.framework */,
				12791C9F1F9F843600577188 /* libsqlite3.tbd */,
				1248DB3E1F1DE90E009625EC /* QuartzCore.framework */,
			);
			name = Frameworks;
			sourceTree = "<group>";
		};
/* End PBXGroup section */

/* Begin PBXNativeTarget section */
		12DBEA961E1D3AEA0088A486 /* sample */ = {
			isa = PBXNativeTarget;
			buildConfigurationList = 12DBEA9E1E1D3AEA0088A486 /* Build configuration list for PBXNativeTarget "sample" */;
			buildPhases = (
				12DBEA931E1D3AEA0088A486 /* Sources */,
				12DBEA941E1D3AEA0088A486 /* Frameworks */,
				12DBEA951E1D3AEA0088A486 /* CopyFiles */,
			);
			buildRules = (
			);
			dependencies = (
			);
			name = sample;
			productName = dgmppDemo;
			productReference = 12DBEA971E1D3AEA0088A486 /* sample */;
			productType = "com.apple.product-type.tool";
		};
/* End PBXNativeTarget section */

/* Begin PBXProject section */
		12DBEA8F1E1D3AEA0088A486 /* Project object */ = {
			isa = PBXProject;
			attributes = {
				LastUpgradeCheck = 0910;
				ORGANIZATIONNAME = "Artem Shimanski";
				TargetAttributes = {
					12DBEA961E1D3AEA0088A486 = {
						CreatedOnToolsVersion = 8.2.1;
						DevelopmentTeam = YB4RLQ4M9A;
						LastSwiftMigration = 0910;
						ProvisioningStyle = Automatic;
					};
				};
			};
			buildConfigurationList = 12DBEA921E1D3AEA0088A486 /* Build configuration list for PBXProject "sample" */;
			compatibilityVersion = "Xcode 3.2";
			developmentRegion = English;
			hasScannedForEncodings = 0;
			knownRegions = (
				en,
			);
			mainGroup = 12DBEA8E1E1D3AEA0088A486;
			productRefGroup = 12DBEA981E1D3AEA0088A486 /* Products */;
			projectDirPath = "";
			projectRoot = "";
			targets = (
				12DBEA961E1D3AEA0088A486 /* sample */,
			);
		};
/* End PBXProject section */

/* Begin PBXSourcesBuildPhase section */
		12DBEA931E1D3AEA0088A486 /* Sources */ = {
			isa = PBXSourcesBuildPhase;
			buildActionMask = 2147483647;
			files = (
				12BE88E11FE17B0F00854893 /* Gang.cpp in Sources */,
				12BE88EC1FE17B0F00854893 /* Storage.cpp in Sources */,
				12BE88F71FE17B0F00854893 /* Spaceport.cpp in Sources */,
				12BE88F01FE17B0F00854893 /* ProductionState.cpp in Sources */,
				12BE88E81FE17B0F00854893 /* Module.cpp in Sources */,
				12BE88F21FE17B0F00854893 /* HeatSimulator.cpp in Sources */,
				12BE88EB1FE17B0F00854893 /* Drone.cpp in Sources */,
				12BE88FB1FE17B0F00854893 /* Type.cpp in Sources */,
				12BE88E51FE17B0F00854893 /* SDE.cpp in Sources */,
				12BE88EA1FE17B0F00854893 /* Capacitor.cpp in Sources */,
				12BE88F31FE17B0F00854893 /* Attribute.cpp in Sources */,
				12BE88FD1FE17B0F00854893 /* Planet.cpp in Sources */,
				12BE88E71FE17B0F00854893 /* Character.cpp in Sources */,
				12BE88F41FE17B0F00854893 /* Skill.cpp in Sources */,
				12BE88FC1FE17B0F00854893 /* CommandCenter.cpp in Sources */,
				12BE88FA1FE17B0F00854893 /* Ship.cpp in Sources */,
				12BE88F91FE17B0F00854893 /* Charge.cpp in Sources */,
				12BE88E31FE17B0F00854893 /* ExtractorControlUnit.cpp in Sources */,
				12BE88EE1FE17B0F00854893 /* Route.cpp in Sources */,
				12BE88EF1FE17B0F00854893 /* Booster.cpp in Sources */,
				12BE88ED1FE17B0F00854893 /* Commodity.cpp in Sources */,
				12BE88E21FE17B0F00854893 /* Facility.cpp in Sources */,
				12BE88F51FE17B0F00854893 /* Factory.cpp in Sources */,
				12BE88F61FE17B0F00854893 /* Area.cpp in Sources */,
				12BE88E01FE17B0F00854893 /* WarfareBuff.cpp in Sources */,
				12BE88E91FE17B0F00854893 /* Modifier.cpp in Sources */,
				12BE88E41FE17B0F00854893 /* Implant.cpp in Sources */,
				12BE88F81FE17B0F00854893 /* ProductionCycle.cpp in Sources */,
				12BE88E61FE17B0F00854893 /* Structure.cpp in Sources */,
				1246C465203C2D28000E0406 /* main.cpp in Sources */,
				12BE88F11FE17B0F00854893 /* Effect.cpp in Sources */,
			);
			runOnlyForDeploymentPostprocessing = 0;
		};
/* End PBXSourcesBuildPhase section */

/* Begin XCBuildConfiguration section */
		12DBEA9C1E1D3AEA0088A486 /* Debug */ = {
			isa = XCBuildConfiguration;
			buildSettings = {
				ALWAYS_SEARCH_USER_PATHS = NO;
				CLANG_ANALYZER_NONNULL = YES;
				CLANG_CXX_LANGUAGE_STANDARD = "gnu++0x";
				CLANG_CXX_LIBRARY = "libc++";
				CLANG_ENABLE_MODULES = YES;
				CLANG_ENABLE_OBJC_ARC = YES;
				CLANG_WARN_BLOCK_CAPTURE_AUTORELEASING = YES;
				CLANG_WARN_BOOL_CONVERSION = YES;
				CLANG_WARN_COMMA = YES;
				CLANG_WARN_CONSTANT_CONVERSION = YES;
				CLANG_WARN_DIRECT_OBJC_ISA_USAGE = YES_ERROR;
				CLANG_WARN_DOCUMENTATION_COMMENTS = YES;
				CLANG_WARN_EMPTY_BODY = YES;
				CLANG_WARN_ENUM_CONVERSION = YES;
				CLANG_WARN_INFINITE_RECURSION = YES;
				CLANG_WARN_INT_CONVERSION = YES;
				CLANG_WARN_NON_LITERAL_NULL_CONVERSION = YES;
				CLANG_WARN_OBJC_LITERAL_CONVERSION = YES;
				CLANG_WARN_OBJC_ROOT_CLASS = YES_ERROR;
				CLANG_WARN_RANGE_LOOP_ANALYSIS = YES;
				CLANG_WARN_STRICT_PROTOTYPES = YES;
				CLANG_WARN_SUSPICIOUS_MOVE = YES;
				CLANG_WARN_UNREACHABLE_CODE = YES;
				CLANG_WARN__DUPLICATE_METHOD_MATCH = YES;
				CODE_SIGN_IDENTITY = "-";
				COPY_PHASE_STRIP = NO;
				DEBUG_INFORMATION_FORMAT = dwarf;
				ENABLE_STRICT_OBJC_MSGSEND = YES;
				ENABLE_TESTABILITY = YES;
				GCC_C_LANGUAGE_STANDARD = gnu99;
				GCC_DYNAMIC_NO_PIC = NO;
				GCC_NO_COMMON_BLOCKS = YES;
				GCC_OPTIMIZATION_LEVEL = 0;
				GCC_PREPROCESSOR_DEFINITIONS = (
					"DEBUG=1",
					"$(inherited)",
				);
				GCC_WARN_64_TO_32_BIT_CONVERSION = YES;
				GCC_WARN_ABOUT_RETURN_TYPE = YES_ERROR;
				GCC_WARN_UNDECLARED_SELECTOR = YES;
				GCC_WARN_UNINITIALIZED_AUTOS = YES_AGGRESSIVE;
				GCC_WARN_UNUSED_FUNCTION = YES;
				GCC_WARN_UNUSED_VARIABLE = YES;
				MACOSX_DEPLOYMENT_TARGET = 10.12;
				MTL_ENABLE_DEBUG_INFO = YES;
				ONLY_ACTIVE_ARCH = YES;
				SDKROOT = macosx;
			};
			name = Debug;
		};
		12DBEA9D1E1D3AEA0088A486 /* Release */ = {
			isa = XCBuildConfiguration;
			buildSettings = {
				ALWAYS_SEARCH_USER_PATHS = NO;
				CLANG_ANALYZER_NONNULL = YES;
				CLANG_CXX_LANGUAGE_STANDARD = "gnu++0x";
				CLANG_CXX_LIBRARY = "libc++";
				CLANG_ENABLE_MODULES = YES;
				CLANG_ENABLE_OBJC_ARC = YES;
				CLANG_WARN_BLOCK_CAPTURE_AUTORELEASING = YES;
				CLANG_WARN_BOOL_CONVERSION = YES;
				CLANG_WARN_COMMA = YES;
				CLANG_WARN_CONSTANT_CONVERSION = YES;
				CLANG_WARN_DIRECT_OBJC_ISA_USAGE = YES_ERROR;
				CLANG_WARN_DOCUMENTATION_COMMENTS = YES;
				CLANG_WARN_EMPTY_BODY = YES;
				CLANG_WARN_ENUM_CONVERSION = YES;
				CLANG_WARN_INFINITE_RECURSION = YES;
				CLANG_WARN_INT_CONVERSION = YES;
				CLANG_WARN_NON_LITERAL_NULL_CONVERSION = YES;
				CLANG_WARN_OBJC_LITERAL_CONVERSION = YES;
				CLANG_WARN_OBJC_ROOT_CLASS = YES_ERROR;
				CLANG_WARN_RANGE_LOOP_ANALYSIS = YES;
				CLANG_WARN_STRICT_PROTOTYPES = YES;
				CLANG_WARN_SUSPICIOUS_MOVE = YES;
				CLANG_WARN_UNREACHABLE_CODE = YES;
				CLANG_WARN__DUPLICATE_METHOD_MATCH = YES;
				CODE_SIGN_IDENTITY = "-";
				COPY_PHASE_STRIP = NO;
				DEBUG_INFORMATION_FORMAT = "dwarf-with-dsym";
				ENABLE_NS_ASSERTIONS = NO;
				ENABLE_STRICT_OBJC_MSGSEND = YES;
				GCC_C_LANGUAGE_STANDARD = gnu99;
				GCC_NO_COMMON_BLOCKS = YES;
				GCC_WARN_64_TO_32_BIT_CONVERSION = YES;
				GCC_WARN_ABOUT_RETURN_TYPE = YES_ERROR;
				GCC_WARN_UNDECLARED_SELECTOR = YES;
				GCC_WARN_UNINITIALIZED_AUTOS = YES_AGGRESSIVE;
				GCC_WARN_UNUSED_FUNCTION = YES;
				GCC_WARN_UNUSED_VARIABLE = YES;
				MACOSX_DEPLOYMENT_TARGET = 10.12;
				MTL_ENABLE_DEBUG_INFO = NO;
				SDKROOT = macosx;
				SWIFT_OPTIMIZATION_LEVEL = "-Owholemodule";
			};
			name = Release;
		};
		12DBEA9F1E1D3AEA0088A486 /* Debug */ = {
			isa = XCBuildConfiguration;
			buildSettings = {
				CLANG_CXX_LANGUAGE_STANDARD = "gnu++17";
				CLANG_ENABLE_MODULES = YES;
				DEVELOPMENT_TEAM = YB4RLQ4M9A;
				FRAMEWORK_SEARCH_PATHS = "$(inherited)";
				LD_RUNPATH_SEARCH_PATHS = "$(inherited) @executable_path/../Frameworks @loader_path/../Frameworks";
				PRODUCT_NAME = "$(TARGET_NAME)";
				SWIFT_OPTIMIZATION_LEVEL = "-Onone";
				SWIFT_VERSION = 4.0;
			};
			name = Debug;
		};
		12DBEAA01E1D3AEA0088A486 /* Release */ = {
			isa = XCBuildConfiguration;
			buildSettings = {
				CLANG_CXX_LANGUAGE_STANDARD = "gnu++17";
				CLANG_ENABLE_MODULES = YES;
				DEVELOPMENT_TEAM = YB4RLQ4M9A;
				FRAMEWORK_SEARCH_PATHS = "$(inherited)";
				LD_RUNPATH_SEARCH_PATHS = "$(inherited) @executable_path/../Frameworks @loader_path/../Frameworks";
				PRODUCT_NAME = "$(TARGET_NAME)";
				SWIFT_VERSION = 4.0;
			};
			name = Release;
		};
/* End XCBuildConfiguration section */

/* Begin XCConfigurationList section */
		12DBEA921E1D3AEA0088A486 /* Build configuration list for PBXProject "sample" */ = {
			isa = XCConfigurationList;
			buildConfigurations = (
				12DBEA9C1E1D3AEA0088A486 /* Debug */,
				12DBEA9D1E1D3AEA0088A486 /* Release */,
			);
			defaultConfigurationIsVisible = 0;
			defaultConfigurationName = Release;
		};
		12DBEA9E1E1D3AEA0088A486 /* Build configuration list for PBXNativeTarget "sample" */ = {
			isa = XCConfigurationList;
			buildConfigurations = (
				12DBEA9F1E1D3AEA0088A486 /* Debug */,
				12DBEAA01E1D3AEA0088A486 /* Release */,
			);
			defaultConfigurationIsVisible = 0;
			defaultConfigurationName = Release;
		};
/* End XCConfigurationList section */
	};
	rootObject = 12DBEA8F1E1D3AEA0088A486 /* Project object */;
}
